// !$*UTF8*$!
{
	archiveVersion = 1;
	classes = {
	};
	objectVersion = 46;
	objects = {

/* Begin PBXBuildFile section */
		15FD5C60183A60FE005CFF55 /* cocos2d-jsb.js in Resources */ = {isa = PBXBuildFile; fileRef = 15FD5C5F183A60FE005CFF55 /* cocos2d-jsb.js */; };
		15FD5C68183A6112005CFF55 /* cocos2d-jsb.js in Resources */ = {isa = PBXBuildFile; fileRef = 15FD5C67183A6112005CFF55 /* cocos2d-jsb.js */; };
		15FD5C6B183A6170005CFF55 /* jsb_cocos2d_gui.js in Resources */ = {isa = PBXBuildFile; fileRef = 15FD5C69183A6170005CFF55 /* jsb_cocos2d_gui.js */; };
		15FD5C6C183A6170005CFF55 /* jsb_cocos2d_studio.js in Resources */ = {isa = PBXBuildFile; fileRef = 15FD5C6A183A6170005CFF55 /* jsb_cocos2d_studio.js */; };
		15FD5C6F183A618A005CFF55 /* jsb_cocos2d_gui.js in Resources */ = {isa = PBXBuildFile; fileRef = 15FD5C6D183A6189005CFF55 /* jsb_cocos2d_gui.js */; };
		15FD5C70183A618A005CFF55 /* jsb_cocos2d_studio.js in Resources */ = {isa = PBXBuildFile; fileRef = 15FD5C6E183A6189005CFF55 /* jsb_cocos2d_studio.js */; };
		1A6767FA180E9B160076BC67 /* debugger in Resources */ = {isa = PBXBuildFile; fileRef = 1A6767ED180E9B160076BC67 /* debugger */; };
		1A6767FB180E9B160076BC67 /* debugger in Resources */ = {isa = PBXBuildFile; fileRef = 1A6767ED180E9B160076BC67 /* debugger */; };
		1A676829180E9C060076BC67 /* libchipmunk Mac.a in Frameworks */ = {isa = PBXBuildFile; fileRef = 1AC6FB4C180E9ACB004C840B /* libchipmunk Mac.a */; };
		1A67682A180E9C060076BC67 /* libcocos2dx Mac.a in Frameworks */ = {isa = PBXBuildFile; fileRef = 1AC6FB48180E9ACB004C840B /* libcocos2dx Mac.a */; };
		1A67682B180E9C060076BC67 /* libcocos2dx-extensions Mac.a in Frameworks */ = {isa = PBXBuildFile; fileRef = 1AC6FB4A180E9ACB004C840B /* libcocos2dx-extensions Mac.a */; };
		1A67682C180E9C060076BC67 /* libCocosDenshion Mac.a in Frameworks */ = {isa = PBXBuildFile; fileRef = 1AC6FB50180E9ACB004C840B /* libCocosDenshion Mac.a */; };
		1A67682D180E9C060076BC67 /* libjsbindings Mac.a in Frameworks */ = {isa = PBXBuildFile; fileRef = 1AC6FB52180E9ACB004C840B /* libjsbindings Mac.a */; };
		1A676838180E9C1E0076BC67 /* libchipmunk iOS.a in Frameworks */ = {isa = PBXBuildFile; fileRef = 1AC6FB5A180E9ACB004C840B /* libchipmunk iOS.a */; };
		1A676839180E9C1E0076BC67 /* libcocos2dx iOS.a in Frameworks */ = {isa = PBXBuildFile; fileRef = 1AC6FB56180E9ACB004C840B /* libcocos2dx iOS.a */; };
		1A67683A180E9C1E0076BC67 /* libcocos2dx-extensions iOS.a in Frameworks */ = {isa = PBXBuildFile; fileRef = 1AC6FB58180E9ACB004C840B /* libcocos2dx-extensions iOS.a */; };
		1A67683B180E9C1E0076BC67 /* libCocosDenshion iOS.a in Frameworks */ = {isa = PBXBuildFile; fileRef = 1AC6FB5E180E9ACB004C840B /* libCocosDenshion iOS.a */; };
		1A67683C180E9C1E0076BC67 /* libjsbindings iOS.a in Frameworks */ = {isa = PBXBuildFile; fileRef = 1AC6FB60180E9ACB004C840B /* libjsbindings iOS.a */; };
		1A67683E180E9CE90076BC67 /* jsb_chipmunk_constants.js in Resources */ = {isa = PBXBuildFile; fileRef = 1A6767EE180E9B160076BC67 /* jsb_chipmunk_constants.js */; };
		1A67683F180E9CE90076BC67 /* jsb_chipmunk.js in Resources */ = {isa = PBXBuildFile; fileRef = 1A6767EF180E9B160076BC67 /* jsb_chipmunk.js */; };
		1A676840180E9CE90076BC67 /* jsb_cocos2d_constants.js in Resources */ = {isa = PBXBuildFile; fileRef = 1A6767F0180E9B160076BC67 /* jsb_cocos2d_constants.js */; };
		1A676841180E9CE90076BC67 /* jsb_cocos2d_extension.js in Resources */ = {isa = PBXBuildFile; fileRef = 1A6767F1180E9B160076BC67 /* jsb_cocos2d_extension.js */; };
		1A676842180E9CE90076BC67 /* jsb_cocos2d.js in Resources */ = {isa = PBXBuildFile; fileRef = 1A6767F2180E9B160076BC67 /* jsb_cocos2d.js */; };
		1A676843180E9CE90076BC67 /* jsb_cocosbuilder.js in Resources */ = {isa = PBXBuildFile; fileRef = 1A6767F3180E9B160076BC67 /* jsb_cocosbuilder.js */; };
		1A676844180E9CE90076BC67 /* jsb_debugger.js in Resources */ = {isa = PBXBuildFile; fileRef = 1A6767F4180E9B160076BC67 /* jsb_debugger.js */; };
		1A676845180E9CE90076BC67 /* jsb_deprecated.js in Resources */ = {isa = PBXBuildFile; fileRef = 1A6767F5180E9B160076BC67 /* jsb_deprecated.js */; };
		1A676846180E9CE90076BC67 /* jsb_opengl_constants.js in Resources */ = {isa = PBXBuildFile; fileRef = 1A6767F6180E9B160076BC67 /* jsb_opengl_constants.js */; };
		1A676847180E9CE90076BC67 /* jsb_opengl.js in Resources */ = {isa = PBXBuildFile; fileRef = 1A6767F7180E9B160076BC67 /* jsb_opengl.js */; };
		1A676848180E9CE90076BC67 /* jsb_sys.js in Resources */ = {isa = PBXBuildFile; fileRef = 1A6767F8180E9B160076BC67 /* jsb_sys.js */; };
		1A676849180E9CE90076BC67 /* jsb.js in Resources */ = {isa = PBXBuildFile; fileRef = 1A6767F9180E9B160076BC67 /* jsb.js */; };
		1A67684A180E9CF10076BC67 /* jsb_chipmunk_constants.js in Resources */ = {isa = PBXBuildFile; fileRef = 1A6767EE180E9B160076BC67 /* jsb_chipmunk_constants.js */; };
		1A67684B180E9CF10076BC67 /* jsb_chipmunk.js in Resources */ = {isa = PBXBuildFile; fileRef = 1A6767EF180E9B160076BC67 /* jsb_chipmunk.js */; };
		1A67684C180E9CF10076BC67 /* jsb_cocos2d_constants.js in Resources */ = {isa = PBXBuildFile; fileRef = 1A6767F0180E9B160076BC67 /* jsb_cocos2d_constants.js */; };
		1A67684D180E9CF10076BC67 /* jsb_cocos2d_extension.js in Resources */ = {isa = PBXBuildFile; fileRef = 1A6767F1180E9B160076BC67 /* jsb_cocos2d_extension.js */; };
		1A67684E180E9CF10076BC67 /* jsb_cocos2d.js in Resources */ = {isa = PBXBuildFile; fileRef = 1A6767F2180E9B160076BC67 /* jsb_cocos2d.js */; };
		1A67684F180E9CF10076BC67 /* jsb_cocosbuilder.js in Resources */ = {isa = PBXBuildFile; fileRef = 1A6767F3180E9B160076BC67 /* jsb_cocosbuilder.js */; };
		1A676850180E9CF10076BC67 /* jsb_debugger.js in Resources */ = {isa = PBXBuildFile; fileRef = 1A6767F4180E9B160076BC67 /* jsb_debugger.js */; };
		1A676851180E9CF10076BC67 /* jsb_deprecated.js in Resources */ = {isa = PBXBuildFile; fileRef = 1A6767F5180E9B160076BC67 /* jsb_deprecated.js */; };
		1A676852180E9CF10076BC67 /* jsb_opengl_constants.js in Resources */ = {isa = PBXBuildFile; fileRef = 1A6767F6180E9B160076BC67 /* jsb_opengl_constants.js */; };
		1A676853180E9CF10076BC67 /* jsb_opengl.js in Resources */ = {isa = PBXBuildFile; fileRef = 1A6767F7180E9B160076BC67 /* jsb_opengl.js */; };
		1A676854180E9CF10076BC67 /* jsb_sys.js in Resources */ = {isa = PBXBuildFile; fileRef = 1A6767F8180E9B160076BC67 /* jsb_sys.js */; };
		1A676855180E9CF10076BC67 /* jsb.js in Resources */ = {isa = PBXBuildFile; fileRef = 1A6767F9180E9B160076BC67 /* jsb.js */; };
		1A82F5FB169AC92500C4B13A /* libsqlite3.dylib in Frameworks */ = {isa = PBXBuildFile; fileRef = 1A82F5FA169AC92500C4B13A /* libsqlite3.dylib */; };
		1AE4B40416D1FECD003C6D1C /* res in Resources */ = {isa = PBXBuildFile; fileRef = 1AE4B40116D1FECD003C6D1C /* res */; };
		1AE4B40516D1FECD003C6D1C /* src in Resources */ = {isa = PBXBuildFile; fileRef = 1AE4B40216D1FECD003C6D1C /* src */; };
		502380DC17EBB88200990C9B /* libcurl.dylib in Frameworks */ = {isa = PBXBuildFile; fileRef = 502380DB17EBB88200990C9B /* libcurl.dylib */; };
		509D4A8117EBB24E00697056 /* AppDelegate.cpp in Sources */ = {isa = PBXBuildFile; fileRef = D4545215156E28EF00887EB5 /* AppDelegate.cpp */; };
		509D4A8817EBB24E00697056 /* libsqlite3.dylib in Frameworks */ = {isa = PBXBuildFile; fileRef = 1A82F5FA169AC92500C4B13A /* libsqlite3.dylib */; };
		509D4A8917EBB24E00697056 /* libz.dylib in Frameworks */ = {isa = PBXBuildFile; fileRef = D454520B156E22BD00887EB5 /* libz.dylib */; };
		509D4A8A17EBB24E00697056 /* QuartzCore.framework in Frameworks */ = {isa = PBXBuildFile; fileRef = A92275411517C094001B78AA /* QuartzCore.framework */; };
		509D4A8C17EBB24E00697056 /* OpenAL.framework in Frameworks */ = {isa = PBXBuildFile; fileRef = A92275451517C094001B78AA /* OpenAL.framework */; };
		509D4A8D17EBB24E00697056 /* AudioToolbox.framework in Frameworks */ = {isa = PBXBuildFile; fileRef = A92275471517C094001B78AA /* AudioToolbox.framework */; };
		509D4A8E17EBB24E00697056 /* AVFoundation.framework in Frameworks */ = {isa = PBXBuildFile; fileRef = A92275491517C094001B78AA /* AVFoundation.framework */; };
		509D4A9017EBB24E00697056 /* Foundation.framework in Frameworks */ = {isa = PBXBuildFile; fileRef = A922754D1517C094001B78AA /* Foundation.framework */; };
		509D4A9117EBB24E00697056 /* CoreGraphics.framework in Frameworks */ = {isa = PBXBuildFile; fileRef = A922754F1517C094001B78AA /* CoreGraphics.framework */; };
		509D4AA517EBB24E00697056 /* res in Resources */ = {isa = PBXBuildFile; fileRef = 1AE4B40116D1FECD003C6D1C /* res */; };
		509D4AA617EBB24E00697056 /* src in Resources */ = {isa = PBXBuildFile; fileRef = 1AE4B40216D1FECD003C6D1C /* src */; };
		509D4ABC17EBB2AB00697056 /* AppController.mm in Sources */ = {isa = PBXBuildFile; fileRef = 509D4AAC17EBB2AB00697056 /* AppController.mm */; };
		509D4AC817EBB2AB00697056 /* main.m in Sources */ = {isa = PBXBuildFile; fileRef = 509D4AB817EBB2AB00697056 /* main.m */; };
		509D4AC917EBB2AB00697056 /* RootViewController.mm in Sources */ = {isa = PBXBuildFile; fileRef = 509D4ABB17EBB2AB00697056 /* RootViewController.mm */; };
		509D4ACF17EBB2BE00697056 /* Icon.icns in Resources */ = {isa = PBXBuildFile; fileRef = 509D4ACB17EBB2BE00697056 /* Icon.icns */; };
		509D4AD117EBB2BE00697056 /* main.cpp in Sources */ = {isa = PBXBuildFile; fileRef = 509D4ACD17EBB2BE00697056 /* main.cpp */; };
		509D4AE717EBB81800697056 /* OpenGL.framework in Frameworks */ = {isa = PBXBuildFile; fileRef = 509D4AE617EBB81800697056 /* OpenGL.framework */; };
		509D4AE917EBB82000697056 /* AppKit.framework in Frameworks */ = {isa = PBXBuildFile; fileRef = 509D4AE817EBB82000697056 /* AppKit.framework */; };
		509D4AEB17EBB82600697056 /* IOKit.framework in Frameworks */ = {isa = PBXBuildFile; fileRef = 509D4AEA17EBB82600697056 /* IOKit.framework */; };
		90F384081857043F00584303 /* RootViewController.mm in Sources */ = {isa = PBXBuildFile; fileRef = 509D4ABB17EBB2AB00697056 /* RootViewController.mm */; };
		90F384091857043F00584303 /* AppDelegate.cpp in Sources */ = {isa = PBXBuildFile; fileRef = D4545215156E28EF00887EB5 /* AppDelegate.cpp */; };
		90F3840A1857043F00584303 /* main.m in Sources */ = {isa = PBXBuildFile; fileRef = 509D4AB817EBB2AB00697056 /* main.m */; };
		90F3840B1857043F00584303 /* AppController.mm in Sources */ = {isa = PBXBuildFile; fileRef = 509D4AAC17EBB2AB00697056 /* AppController.mm */; };
		90F3840D1857043F00584303 /* libchipmunk iOS.a in Frameworks */ = {isa = PBXBuildFile; fileRef = 1AC6FB5A180E9ACB004C840B /* libchipmunk iOS.a */; };
		90F3840E1857043F00584303 /* libcocos2dx iOS.a in Frameworks */ = {isa = PBXBuildFile; fileRef = 1AC6FB56180E9ACB004C840B /* libcocos2dx iOS.a */; };
		90F3840F1857043F00584303 /* libcocos2dx-extensions iOS.a in Frameworks */ = {isa = PBXBuildFile; fileRef = 1AC6FB58180E9ACB004C840B /* libcocos2dx-extensions iOS.a */; };
		90F384101857043F00584303 /* libCocosDenshion iOS.a in Frameworks */ = {isa = PBXBuildFile; fileRef = 1AC6FB5E180E9ACB004C840B /* libCocosDenshion iOS.a */; };
		90F384111857043F00584303 /* libjsbindings iOS.a in Frameworks */ = {isa = PBXBuildFile; fileRef = 1AC6FB60180E9ACB004C840B /* libjsbindings iOS.a */; };
		90F384121857043F00584303 /* CoreMotion.framework in Frameworks */ = {isa = PBXBuildFile; fileRef = D6B061231803AB9F0077942B /* CoreMotion.framework */; };
		90F384131857043F00584303 /* libsqlite3.dylib in Frameworks */ = {isa = PBXBuildFile; fileRef = 1A82F5FA169AC92500C4B13A /* libsqlite3.dylib */; };
		90F384141857043F00584303 /* libz.dylib in Frameworks */ = {isa = PBXBuildFile; fileRef = D454520B156E22BD00887EB5 /* libz.dylib */; };
		90F384151857043F00584303 /* QuartzCore.framework in Frameworks */ = {isa = PBXBuildFile; fileRef = A92275411517C094001B78AA /* QuartzCore.framework */; };
		90F384161857043F00584303 /* OpenGLES.framework in Frameworks */ = {isa = PBXBuildFile; fileRef = A92275431517C094001B78AA /* OpenGLES.framework */; };
		90F384171857043F00584303 /* OpenAL.framework in Frameworks */ = {isa = PBXBuildFile; fileRef = A92275451517C094001B78AA /* OpenAL.framework */; };
		90F384181857043F00584303 /* AudioToolbox.framework in Frameworks */ = {isa = PBXBuildFile; fileRef = A92275471517C094001B78AA /* AudioToolbox.framework */; };
		90F384191857043F00584303 /* AVFoundation.framework in Frameworks */ = {isa = PBXBuildFile; fileRef = A92275491517C094001B78AA /* AVFoundation.framework */; };
		90F3841A1857043F00584303 /* UIKit.framework in Frameworks */ = {isa = PBXBuildFile; fileRef = A922754B1517C094001B78AA /* UIKit.framework */; };
		90F3841B1857043F00584303 /* Foundation.framework in Frameworks */ = {isa = PBXBuildFile; fileRef = A922754D1517C094001B78AA /* Foundation.framework */; };
		90F3841C1857043F00584303 /* CoreGraphics.framework in Frameworks */ = {isa = PBXBuildFile; fileRef = A922754F1517C094001B78AA /* CoreGraphics.framework */; };
		90F3841E1857043F00584303 /* jsb_cocos2d_gui.js in Resources */ = {isa = PBXBuildFile; fileRef = 15FD5C6D183A6189005CFF55 /* jsb_cocos2d_gui.js */; };
		90F3841F1857043F00584303 /* jsb_cocos2d_studio.js in Resources */ = {isa = PBXBuildFile; fileRef = 15FD5C6E183A6189005CFF55 /* jsb_cocos2d_studio.js */; };
		90F384201857043F00584303 /* cocos2d-jsb.js in Resources */ = {isa = PBXBuildFile; fileRef = 15FD5C5F183A60FE005CFF55 /* cocos2d-jsb.js */; };
		90F384211857043F00584303 /* jsb_chipmunk_constants.js in Resources */ = {isa = PBXBuildFile; fileRef = 1A6767EE180E9B160076BC67 /* jsb_chipmunk_constants.js */; };
		90F384221857043F00584303 /* jsb_chipmunk.js in Resources */ = {isa = PBXBuildFile; fileRef = 1A6767EF180E9B160076BC67 /* jsb_chipmunk.js */; };
		90F384231857043F00584303 /* jsb_cocos2d_constants.js in Resources */ = {isa = PBXBuildFile; fileRef = 1A6767F0180E9B160076BC67 /* jsb_cocos2d_constants.js */; };
		90F384241857043F00584303 /* jsb_cocos2d_extension.js in Resources */ = {isa = PBXBuildFile; fileRef = 1A6767F1180E9B160076BC67 /* jsb_cocos2d_extension.js */; };
		90F384251857043F00584303 /* jsb_cocos2d.js in Resources */ = {isa = PBXBuildFile; fileRef = 1A6767F2180E9B160076BC67 /* jsb_cocos2d.js */; };
		90F384261857043F00584303 /* jsb_cocosbuilder.js in Resources */ = {isa = PBXBuildFile; fileRef = 1A6767F3180E9B160076BC67 /* jsb_cocosbuilder.js */; };
		90F384271857043F00584303 /* jsb_debugger.js in Resources */ = {isa = PBXBuildFile; fileRef = 1A6767F4180E9B160076BC67 /* jsb_debugger.js */; };
		90F384281857043F00584303 /* jsb_deprecated.js in Resources */ = {isa = PBXBuildFile; fileRef = 1A6767F5180E9B160076BC67 /* jsb_deprecated.js */; };
		90F384291857043F00584303 /* jsb_opengl_constants.js in Resources */ = {isa = PBXBuildFile; fileRef = 1A6767F6180E9B160076BC67 /* jsb_opengl_constants.js */; };
		90F3842A1857043F00584303 /* jsb_opengl.js in Resources */ = {isa = PBXBuildFile; fileRef = 1A6767F7180E9B160076BC67 /* jsb_opengl.js */; };
		90F3842B1857043F00584303 /* jsb_sys.js in Resources */ = {isa = PBXBuildFile; fileRef = 1A6767F8180E9B160076BC67 /* jsb_sys.js */; };
		90F3842C1857043F00584303 /* jsb.js in Resources */ = {isa = PBXBuildFile; fileRef = 1A6767F9180E9B160076BC67 /* jsb.js */; };
		90F3842D1857043F00584303 /* res in Resources */ = {isa = PBXBuildFile; fileRef = 1AE4B40116D1FECD003C6D1C /* res */; };
		90F3842E1857043F00584303 /* src in Resources */ = {isa = PBXBuildFile; fileRef = 1AE4B40216D1FECD003C6D1C /* src */; };
		90F3842F1857043F00584303 /* debugger in Resources */ = {isa = PBXBuildFile; fileRef = 1A6767ED180E9B160076BC67 /* debugger */; };
		90F38446185704F200584303 /* Default-568h@2x.png in Resources */ = {isa = PBXBuildFile; fileRef = 90F38435185704F200584303 /* Default-568h@2x.png */; };
		90F38447185704F200584303 /* Default.png in Resources */ = {isa = PBXBuildFile; fileRef = 90F38436185704F200584303 /* Default.png */; };
		90F38448185704F200584303 /* Default@2x.png in Resources */ = {isa = PBXBuildFile; fileRef = 90F38437185704F200584303 /* Default@2x.png */; };
		90F38449185704F200584303 /* Icon-100.png in Resources */ = {isa = PBXBuildFile; fileRef = 90F38438185704F200584303 /* Icon-100.png */; };
		90F3844A185704F200584303 /* Icon-114.png in Resources */ = {isa = PBXBuildFile; fileRef = 90F38439185704F200584303 /* Icon-114.png */; };
		90F3844B185704F200584303 /* Icon-120.png in Resources */ = {isa = PBXBuildFile; fileRef = 90F3843A185704F200584303 /* Icon-120.png */; };
		90F3844C185704F200584303 /* Icon-144.png in Resources */ = {isa = PBXBuildFile; fileRef = 90F3843B185704F200584303 /* Icon-144.png */; };
		90F3844D185704F200584303 /* Icon-152.png in Resources */ = {isa = PBXBuildFile; fileRef = 90F3843C185704F200584303 /* Icon-152.png */; };
		90F3844E185704F200584303 /* Icon-29.png in Resources */ = {isa = PBXBuildFile; fileRef = 90F3843D185704F200584303 /* Icon-29.png */; };
		90F3844F185704F200584303 /* Icon-40.png in Resources */ = {isa = PBXBuildFile; fileRef = 90F3843E185704F200584303 /* Icon-40.png */; };
		90F38450185704F200584303 /* Icon-50.png in Resources */ = {isa = PBXBuildFile; fileRef = 90F3843F185704F200584303 /* Icon-50.png */; };
		90F38451185704F200584303 /* Icon-57.png in Resources */ = {isa = PBXBuildFile; fileRef = 90F38440185704F200584303 /* Icon-57.png */; };
		90F38452185704F200584303 /* Icon-58.png in Resources */ = {isa = PBXBuildFile; fileRef = 90F38441185704F200584303 /* Icon-58.png */; };
		90F38453185704F200584303 /* Icon-72.png in Resources */ = {isa = PBXBuildFile; fileRef = 90F38442185704F200584303 /* Icon-72.png */; };
		90F38454185704F200584303 /* Icon-76.png in Resources */ = {isa = PBXBuildFile; fileRef = 90F38443185704F200584303 /* Icon-76.png */; };
		90F38455185704F200584303 /* Icon-80.png in Resources */ = {isa = PBXBuildFile; fileRef = 90F38444185704F200584303 /* Icon-80.png */; };
		90F384691857050600584303 /* Default-568h@2x.png in Resources */ = {isa = PBXBuildFile; fileRef = 90F384581857050500584303 /* Default-568h@2x.png */; };
		90F3846A1857050600584303 /* Default.png in Resources */ = {isa = PBXBuildFile; fileRef = 90F384591857050500584303 /* Default.png */; };
		90F3846B1857050600584303 /* Default@2x.png in Resources */ = {isa = PBXBuildFile; fileRef = 90F3845A1857050500584303 /* Default@2x.png */; };
		90F3846C1857050600584303 /* Icon-100.png in Resources */ = {isa = PBXBuildFile; fileRef = 90F3845B1857050500584303 /* Icon-100.png */; };
		90F3846D1857050600584303 /* Icon-114.png in Resources */ = {isa = PBXBuildFile; fileRef = 90F3845C1857050500584303 /* Icon-114.png */; };
		90F3846E1857050600584303 /* Icon-120.png in Resources */ = {isa = PBXBuildFile; fileRef = 90F3845D1857050500584303 /* Icon-120.png */; };
		90F3846F1857050600584303 /* Icon-144.png in Resources */ = {isa = PBXBuildFile; fileRef = 90F3845E1857050600584303 /* Icon-144.png */; };
		90F384701857050600584303 /* Icon-152.png in Resources */ = {isa = PBXBuildFile; fileRef = 90F3845F1857050600584303 /* Icon-152.png */; };
		90F384711857050600584303 /* Icon-29.png in Resources */ = {isa = PBXBuildFile; fileRef = 90F384601857050600584303 /* Icon-29.png */; };
		90F384721857050600584303 /* Icon-40.png in Resources */ = {isa = PBXBuildFile; fileRef = 90F384611857050600584303 /* Icon-40.png */; };
		90F384731857050600584303 /* Icon-50.png in Resources */ = {isa = PBXBuildFile; fileRef = 90F384621857050600584303 /* Icon-50.png */; };
		90F384741857050600584303 /* Icon-57.png in Resources */ = {isa = PBXBuildFile; fileRef = 90F384631857050600584303 /* Icon-57.png */; };
		90F384751857050600584303 /* Icon-58.png in Resources */ = {isa = PBXBuildFile; fileRef = 90F384641857050600584303 /* Icon-58.png */; };
		90F384761857050600584303 /* Icon-72.png in Resources */ = {isa = PBXBuildFile; fileRef = 90F384651857050600584303 /* Icon-72.png */; };
		90F384771857050600584303 /* Icon-76.png in Resources */ = {isa = PBXBuildFile; fileRef = 90F384661857050600584303 /* Icon-76.png */; };
		90F384781857050600584303 /* Icon-80.png in Resources */ = {isa = PBXBuildFile; fileRef = 90F384671857050600584303 /* Icon-80.png */; };
		90F3847C1857087700584303 /* StoreKit.framework in Frameworks */ = {isa = PBXBuildFile; fileRef = 90F3847B1857087700584303 /* StoreKit.framework */; };
		90F3848018570E3F00584303 /* iTunesArtwork in Resources */ = {isa = PBXBuildFile; fileRef = 90F3847F18570E3F00584303 /* iTunesArtwork */; };
		90F3848218570E4E00584303 /* iTunesArtwork in Resources */ = {isa = PBXBuildFile; fileRef = 90F3848118570E4E00584303 /* iTunesArtwork */; };
		A92275421517C094001B78AA /* QuartzCore.framework in Frameworks */ = {isa = PBXBuildFile; fileRef = A92275411517C094001B78AA /* QuartzCore.framework */; };
		A92275441517C094001B78AA /* OpenGLES.framework in Frameworks */ = {isa = PBXBuildFile; fileRef = A92275431517C094001B78AA /* OpenGLES.framework */; };
		A92275461517C094001B78AA /* OpenAL.framework in Frameworks */ = {isa = PBXBuildFile; fileRef = A92275451517C094001B78AA /* OpenAL.framework */; };
		A92275481517C094001B78AA /* AudioToolbox.framework in Frameworks */ = {isa = PBXBuildFile; fileRef = A92275471517C094001B78AA /* AudioToolbox.framework */; };
		A922754A1517C094001B78AA /* AVFoundation.framework in Frameworks */ = {isa = PBXBuildFile; fileRef = A92275491517C094001B78AA /* AVFoundation.framework */; };
		A922754C1517C094001B78AA /* UIKit.framework in Frameworks */ = {isa = PBXBuildFile; fileRef = A922754B1517C094001B78AA /* UIKit.framework */; };
		A922754E1517C094001B78AA /* Foundation.framework in Frameworks */ = {isa = PBXBuildFile; fileRef = A922754D1517C094001B78AA /* Foundation.framework */; };
		A92275501517C094001B78AA /* CoreGraphics.framework in Frameworks */ = {isa = PBXBuildFile; fileRef = A922754F1517C094001B78AA /* CoreGraphics.framework */; };
		D454520C156E22BD00887EB5 /* libz.dylib in Frameworks */ = {isa = PBXBuildFile; fileRef = D454520B156E22BD00887EB5 /* libz.dylib */; };
		D4545227156E28EF00887EB5 /* AppDelegate.cpp in Sources */ = {isa = PBXBuildFile; fileRef = D4545215156E28EF00887EB5 /* AppDelegate.cpp */; };
		D6B061241803AB9F0077942B /* CoreMotion.framework in Frameworks */ = {isa = PBXBuildFile; fileRef = D6B061231803AB9F0077942B /* CoreMotion.framework */; };
/* End PBXBuildFile section */

/* Begin PBXContainerItemProxy section */
		1A67681F180E9BF70076BC67 /* PBXContainerItemProxy */ = {
			isa = PBXContainerItemProxy;
			containerPortal = 1AC6FB34180E9ACB004C840B /* cocos2d_libs.xcodeproj */;
			proxyType = 1;
			remoteGlobalIDString = 1551A33E158F2AB200E66CFE;
			remoteInfo = "cocos2dx Mac";
		};
		1A676821180E9BF70076BC67 /* PBXContainerItemProxy */ = {
			isa = PBXContainerItemProxy;
			containerPortal = 1AC6FB34180E9ACB004C840B /* cocos2d_libs.xcodeproj */;
			proxyType = 1;
			remoteGlobalIDString = A03F2FC117814595006731B9;
			remoteInfo = "cocos2dx-extensions Mac";
		};
		1A676823180E9BF70076BC67 /* PBXContainerItemProxy */ = {
			isa = PBXContainerItemProxy;
			containerPortal = 1AC6FB34180E9ACB004C840B /* cocos2d_libs.xcodeproj */;
			proxyType = 1;
			remoteGlobalIDString = A03F2B781780BD04006731B9;
			remoteInfo = "chipmunk Mac";
		};
		1A676825180E9BF70076BC67 /* PBXContainerItemProxy */ = {
			isa = PBXContainerItemProxy;
			containerPortal = 1AC6FB34180E9ACB004C840B /* cocos2d_libs.xcodeproj */;
			proxyType = 1;
			remoteGlobalIDString = A03F2E9817814268006731B9;
			remoteInfo = "CocosDenshion Mac";
		};
		1A676827180E9BF70076BC67 /* PBXContainerItemProxy */ = {
			isa = PBXContainerItemProxy;
			containerPortal = 1AC6FB34180E9ACB004C840B /* cocos2d_libs.xcodeproj */;
			proxyType = 1;
			remoteGlobalIDString = A03F31E81781479B006731B9;
			remoteInfo = "jsbindings Mac";
		};
		1A67682E180E9C110076BC67 /* PBXContainerItemProxy */ = {
			isa = PBXContainerItemProxy;
			containerPortal = 1AC6FB34180E9ACB004C840B /* cocos2d_libs.xcodeproj */;
			proxyType = 1;
			remoteGlobalIDString = A07A4C241783777C0073F6A7;
			remoteInfo = "cocos2dx iOS";
		};
		1A676830180E9C110076BC67 /* PBXContainerItemProxy */ = {
			isa = PBXContainerItemProxy;
			containerPortal = 1AC6FB34180E9ACB004C840B /* cocos2d_libs.xcodeproj */;
			proxyType = 1;
			remoteGlobalIDString = A07A4E111783867C0073F6A7;
			remoteInfo = "cocos2dx-extensions iOS";
		};
		1A676832180E9C110076BC67 /* PBXContainerItemProxy */ = {
			isa = PBXContainerItemProxy;
			containerPortal = 1AC6FB34180E9ACB004C840B /* cocos2d_libs.xcodeproj */;
			proxyType = 1;
			remoteGlobalIDString = A07A4EFD178387670073F6A7;
			remoteInfo = "chipmunk iOS";
		};
		1A676834180E9C110076BC67 /* PBXContainerItemProxy */ = {
			isa = PBXContainerItemProxy;
			containerPortal = 1AC6FB34180E9ACB004C840B /* cocos2d_libs.xcodeproj */;
			proxyType = 1;
			remoteGlobalIDString = A07A4F9F178387730073F6A7;
			remoteInfo = "CocosDenshion iOS";
		};
		1A676836180E9C110076BC67 /* PBXContainerItemProxy */ = {
			isa = PBXContainerItemProxy;
			containerPortal = 1AC6FB34180E9ACB004C840B /* cocos2d_libs.xcodeproj */;
			proxyType = 1;
			remoteGlobalIDString = A07A4FB5178387750073F6A7;
			remoteInfo = "jsbindings iOS";
		};
		1AC6FB47180E9ACB004C840B /* PBXContainerItemProxy */ = {
			isa = PBXContainerItemProxy;
			containerPortal = 1AC6FB34180E9ACB004C840B /* cocos2d_libs.xcodeproj */;
			proxyType = 2;
			remoteGlobalIDString = 1551A33F158F2AB200E66CFE;
			remoteInfo = "cocos2dx Mac";
		};
		1AC6FB49180E9ACB004C840B /* PBXContainerItemProxy */ = {
			isa = PBXContainerItemProxy;
			containerPortal = 1AC6FB34180E9ACB004C840B /* cocos2d_libs.xcodeproj */;
			proxyType = 2;
			remoteGlobalIDString = A03F2FD617814595006731B9;
			remoteInfo = "cocos2dx-extensions Mac";
		};
		1AC6FB4B180E9ACB004C840B /* PBXContainerItemProxy */ = {
			isa = PBXContainerItemProxy;
			containerPortal = 1AC6FB34180E9ACB004C840B /* cocos2d_libs.xcodeproj */;
			proxyType = 2;
			remoteGlobalIDString = A03F2CB81780BD04006731B9;
			remoteInfo = "chipmunk Mac";
		};
		1AC6FB4D180E9ACB004C840B /* PBXContainerItemProxy */ = {
			isa = PBXContainerItemProxy;
			containerPortal = 1AC6FB34180E9ACB004C840B /* cocos2d_libs.xcodeproj */;
			proxyType = 2;
			remoteGlobalIDString = A03F2D9B1780BDF7006731B9;
			remoteInfo = "box2d Mac";
		};
		1AC6FB4F180E9ACB004C840B /* PBXContainerItemProxy */ = {
			isa = PBXContainerItemProxy;
			containerPortal = 1AC6FB34180E9ACB004C840B /* cocos2d_libs.xcodeproj */;
			proxyType = 2;
			remoteGlobalIDString = A03F2ED617814268006731B9;
			remoteInfo = "CocosDenshion Mac";
		};
		1AC6FB51180E9ACB004C840B /* PBXContainerItemProxy */ = {
			isa = PBXContainerItemProxy;
			containerPortal = 1AC6FB34180E9ACB004C840B /* cocos2d_libs.xcodeproj */;
			proxyType = 2;
			remoteGlobalIDString = A03F31FD1781479B006731B9;
			remoteInfo = "jsbindings Mac";
		};
		1AC6FB53180E9ACB004C840B /* PBXContainerItemProxy */ = {
			isa = PBXContainerItemProxy;
			containerPortal = 1AC6FB34180E9ACB004C840B /* cocos2d_libs.xcodeproj */;
			proxyType = 2;
			remoteGlobalIDString = 1A6FB53017854BC300CDF010;
			remoteInfo = "luabindings Mac";
		};
		1AC6FB55180E9ACB004C840B /* PBXContainerItemProxy */ = {
			isa = PBXContainerItemProxy;
			containerPortal = 1AC6FB34180E9ACB004C840B /* cocos2d_libs.xcodeproj */;
			proxyType = 2;
			remoteGlobalIDString = A07A4D641783777C0073F6A7;
			remoteInfo = "cocos2dx iOS";
		};
		1AC6FB57180E9ACB004C840B /* PBXContainerItemProxy */ = {
			isa = PBXContainerItemProxy;
			containerPortal = 1AC6FB34180E9ACB004C840B /* cocos2d_libs.xcodeproj */;
			proxyType = 2;
			remoteGlobalIDString = A07A4EFC1783867C0073F6A7;
			remoteInfo = "cocos2dx-extensions iOS";
		};
		1AC6FB59180E9ACB004C840B /* PBXContainerItemProxy */ = {
			isa = PBXContainerItemProxy;
			containerPortal = 1AC6FB34180E9ACB004C840B /* cocos2d_libs.xcodeproj */;
			proxyType = 2;
			remoteGlobalIDString = A07A4F3B178387670073F6A7;
			remoteInfo = "chipmunk iOS";
		};
		1AC6FB5B180E9ACB004C840B /* PBXContainerItemProxy */ = {
			isa = PBXContainerItemProxy;
			containerPortal = 1AC6FB34180E9ACB004C840B /* cocos2d_libs.xcodeproj */;
			proxyType = 2;
			remoteGlobalIDString = A07A4F9E1783876B0073F6A7;
			remoteInfo = "box2d iOS";
		};
		1AC6FB5D180E9ACB004C840B /* PBXContainerItemProxy */ = {
			isa = PBXContainerItemProxy;
			containerPortal = 1AC6FB34180E9ACB004C840B /* cocos2d_libs.xcodeproj */;
			proxyType = 2;
			remoteGlobalIDString = A07A4FB4178387730073F6A7;
			remoteInfo = "CocosDenshion iOS";
		};
		1AC6FB5F180E9ACB004C840B /* PBXContainerItemProxy */ = {
			isa = PBXContainerItemProxy;
			containerPortal = 1AC6FB34180E9ACB004C840B /* cocos2d_libs.xcodeproj */;
			proxyType = 2;
			remoteGlobalIDString = A07A5030178387750073F6A7;
			remoteInfo = "jsbindings iOS";
		};
		1AC6FB61180E9ACB004C840B /* PBXContainerItemProxy */ = {
			isa = PBXContainerItemProxy;
			containerPortal = 1AC6FB34180E9ACB004C840B /* cocos2d_libs.xcodeproj */;
			proxyType = 2;
			remoteGlobalIDString = 1A119791178526AA00D62A44;
			remoteInfo = "luabindings iOS";
		};
		90F383FE1857043F00584303 /* PBXContainerItemProxy */ = {
			isa = PBXContainerItemProxy;
			containerPortal = 1AC6FB34180E9ACB004C840B /* cocos2d_libs.xcodeproj */;
			proxyType = 1;
			remoteGlobalIDString = A07A4C241783777C0073F6A7;
			remoteInfo = "cocos2dx iOS";
		};
		90F384001857043F00584303 /* PBXContainerItemProxy */ = {
			isa = PBXContainerItemProxy;
			containerPortal = 1AC6FB34180E9ACB004C840B /* cocos2d_libs.xcodeproj */;
			proxyType = 1;
			remoteGlobalIDString = A07A4E111783867C0073F6A7;
			remoteInfo = "cocos2dx-extensions iOS";
		};
		90F384021857043F00584303 /* PBXContainerItemProxy */ = {
			isa = PBXContainerItemProxy;
			containerPortal = 1AC6FB34180E9ACB004C840B /* cocos2d_libs.xcodeproj */;
			proxyType = 1;
			remoteGlobalIDString = A07A4EFD178387670073F6A7;
			remoteInfo = "chipmunk iOS";
		};
		90F384041857043F00584303 /* PBXContainerItemProxy */ = {
			isa = PBXContainerItemProxy;
			containerPortal = 1AC6FB34180E9ACB004C840B /* cocos2d_libs.xcodeproj */;
			proxyType = 1;
			remoteGlobalIDString = A07A4F9F178387730073F6A7;
			remoteInfo = "CocosDenshion iOS";
		};
		90F384061857043F00584303 /* PBXContainerItemProxy */ = {
			isa = PBXContainerItemProxy;
			containerPortal = 1AC6FB34180E9ACB004C840B /* cocos2d_libs.xcodeproj */;
			proxyType = 1;
			remoteGlobalIDString = A07A4FB5178387750073F6A7;
			remoteInfo = "jsbindings iOS";
		};
/* End PBXContainerItemProxy section */

/* Begin PBXFileReference section */
		15FD5C5F183A60FE005CFF55 /* cocos2d-jsb.js */ = {isa = PBXFileReference; lastKnownFileType = sourcecode.javascript; name = "cocos2d-jsb.js"; path = "../Resources/cocos2d-jsb.js"; sourceTree = "<group>"; };
		15FD5C67183A6112005CFF55 /* cocos2d-jsb.js */ = {isa = PBXFileReference; lastKnownFileType = sourcecode.javascript; name = "cocos2d-jsb.js"; path = "../Resources/cocos2d-jsb.js"; sourceTree = "<group>"; };
		15FD5C69183A6170005CFF55 /* jsb_cocos2d_gui.js */ = {isa = PBXFileReference; lastKnownFileType = sourcecode.javascript; name = jsb_cocos2d_gui.js; path = ../../../cocos/scripting/javascript/script/jsb_cocos2d_gui.js; sourceTree = "<group>"; };
		15FD5C6A183A6170005CFF55 /* jsb_cocos2d_studio.js */ = {isa = PBXFileReference; lastKnownFileType = sourcecode.javascript; name = jsb_cocos2d_studio.js; path = ../../../cocos/scripting/javascript/script/jsb_cocos2d_studio.js; sourceTree = "<group>"; };
		15FD5C6D183A6189005CFF55 /* jsb_cocos2d_gui.js */ = {isa = PBXFileReference; lastKnownFileType = sourcecode.javascript; name = jsb_cocos2d_gui.js; path = ../../../cocos/scripting/javascript/script/jsb_cocos2d_gui.js; sourceTree = "<group>"; };
		15FD5C6E183A6189005CFF55 /* jsb_cocos2d_studio.js */ = {isa = PBXFileReference; lastKnownFileType = sourcecode.javascript; name = jsb_cocos2d_studio.js; path = ../../../cocos/scripting/javascript/script/jsb_cocos2d_studio.js; sourceTree = "<group>"; };
		1A6767ED180E9B160076BC67 /* debugger */ = {isa = PBXFileReference; lastKnownFileType = folder; name = debugger; path = ../../../cocos/scripting/javascript/script/debugger; sourceTree = "<group>"; };
		1A6767EE180E9B160076BC67 /* jsb_chipmunk_constants.js */ = {isa = PBXFileReference; fileEncoding = 4; lastKnownFileType = sourcecode.javascript; name = jsb_chipmunk_constants.js; path = ../../../cocos/scripting/javascript/script/jsb_chipmunk_constants.js; sourceTree = "<group>"; };
		1A6767EF180E9B160076BC67 /* jsb_chipmunk.js */ = {isa = PBXFileReference; fileEncoding = 4; lastKnownFileType = sourcecode.javascript; name = jsb_chipmunk.js; path = ../../../cocos/scripting/javascript/script/jsb_chipmunk.js; sourceTree = "<group>"; };
		1A6767F0180E9B160076BC67 /* jsb_cocos2d_constants.js */ = {isa = PBXFileReference; fileEncoding = 4; lastKnownFileType = sourcecode.javascript; name = jsb_cocos2d_constants.js; path = ../../../cocos/scripting/javascript/script/jsb_cocos2d_constants.js; sourceTree = "<group>"; };
		1A6767F1180E9B160076BC67 /* jsb_cocos2d_extension.js */ = {isa = PBXFileReference; fileEncoding = 4; lastKnownFileType = sourcecode.javascript; name = jsb_cocos2d_extension.js; path = ../../../cocos/scripting/javascript/script/jsb_cocos2d_extension.js; sourceTree = "<group>"; };
		1A6767F2180E9B160076BC67 /* jsb_cocos2d.js */ = {isa = PBXFileReference; fileEncoding = 4; lastKnownFileType = sourcecode.javascript; name = jsb_cocos2d.js; path = ../../../cocos/scripting/javascript/script/jsb_cocos2d.js; sourceTree = "<group>"; };
		1A6767F3180E9B160076BC67 /* jsb_cocosbuilder.js */ = {isa = PBXFileReference; fileEncoding = 4; lastKnownFileType = sourcecode.javascript; name = jsb_cocosbuilder.js; path = ../../../cocos/scripting/javascript/script/jsb_cocosbuilder.js; sourceTree = "<group>"; };
		1A6767F4180E9B160076BC67 /* jsb_debugger.js */ = {isa = PBXFileReference; fileEncoding = 4; lastKnownFileType = sourcecode.javascript; name = jsb_debugger.js; path = ../../../cocos/scripting/javascript/script/jsb_debugger.js; sourceTree = "<group>"; };
		1A6767F5180E9B160076BC67 /* jsb_deprecated.js */ = {isa = PBXFileReference; fileEncoding = 4; lastKnownFileType = sourcecode.javascript; name = jsb_deprecated.js; path = ../../../cocos/scripting/javascript/script/jsb_deprecated.js; sourceTree = "<group>"; };
		1A6767F6180E9B160076BC67 /* jsb_opengl_constants.js */ = {isa = PBXFileReference; fileEncoding = 4; lastKnownFileType = sourcecode.javascript; name = jsb_opengl_constants.js; path = ../../../cocos/scripting/javascript/script/jsb_opengl_constants.js; sourceTree = "<group>"; };
		1A6767F7180E9B160076BC67 /* jsb_opengl.js */ = {isa = PBXFileReference; fileEncoding = 4; lastKnownFileType = sourcecode.javascript; name = jsb_opengl.js; path = ../../../cocos/scripting/javascript/script/jsb_opengl.js; sourceTree = "<group>"; };
		1A6767F8180E9B160076BC67 /* jsb_sys.js */ = {isa = PBXFileReference; fileEncoding = 4; lastKnownFileType = sourcecode.javascript; name = jsb_sys.js; path = ../../../cocos/scripting/javascript/script/jsb_sys.js; sourceTree = "<group>"; };
		1A6767F9180E9B160076BC67 /* jsb.js */ = {isa = PBXFileReference; fileEncoding = 4; lastKnownFileType = sourcecode.javascript; name = jsb.js; path = ../../../cocos/scripting/javascript/script/jsb.js; sourceTree = "<group>"; };
		1A82F5FA169AC92500C4B13A /* libsqlite3.dylib */ = {isa = PBXFileReference; lastKnownFileType = "compiled.mach-o.dylib"; name = libsqlite3.dylib; path = usr/lib/libsqlite3.dylib; sourceTree = SDKROOT; };
		1A96A4F2174A3432008653A9 /* libcurl.a */ = {isa = PBXFileReference; lastKnownFileType = archive.ar; name = libcurl.a; path = ../../../cocos2dx/platform/third_party/ios/libraries/libcurl.a; sourceTree = "<group>"; };
		1AC6FB34180E9ACB004C840B /* cocos2d_libs.xcodeproj */ = {isa = PBXFileReference; lastKnownFileType = "wrapper.pb-project"; name = cocos2d_libs.xcodeproj; path = ../../../build/cocos2d_libs.xcodeproj; sourceTree = "<group>"; };
		1AE4B40116D1FECD003C6D1C /* res */ = {isa = PBXFileReference; lastKnownFileType = folder; name = res; path = ../Resources/res; sourceTree = "<group>"; };
		1AE4B40216D1FECD003C6D1C /* src */ = {isa = PBXFileReference; lastKnownFileType = folder; name = src; path = ../Resources/src; sourceTree = "<group>"; };
		502380DB17EBB88200990C9B /* libcurl.dylib */ = {isa = PBXFileReference; lastKnownFileType = "compiled.mach-o.dylib"; name = libcurl.dylib; path = usr/lib/libcurl.dylib; sourceTree = SDKROOT; };
		509D4AAA17EBB24E00697056 /* Magpie Mac.app */ = {isa = PBXFileReference; explicitFileType = wrapper.application; includeInIndex = 0; path = "Magpie Mac.app"; sourceTree = BUILT_PRODUCTS_DIR; };
		509D4AAB17EBB2AB00697056 /* AppController.h */ = {isa = PBXFileReference; fileEncoding = 4; lastKnownFileType = sourcecode.c.h; name = AppController.h; path = ios/AppController.h; sourceTree = "<group>"; };
		509D4AAC17EBB2AB00697056 /* AppController.mm */ = {isa = PBXFileReference; fileEncoding = 4; lastKnownFileType = sourcecode.cpp.objcpp; name = AppController.mm; path = ios/AppController.mm; sourceTree = "<group>"; };
		509D4AB817EBB2AB00697056 /* main.m */ = {isa = PBXFileReference; fileEncoding = 4; lastKnownFileType = sourcecode.c.objc; name = main.m; path = ios/main.m; sourceTree = "<group>"; };
		509D4AB917EBB2AB00697056 /* Prefix.pch */ = {isa = PBXFileReference; fileEncoding = 4; lastKnownFileType = sourcecode.c.h; name = Prefix.pch; path = ios/Prefix.pch; sourceTree = "<group>"; };
		509D4ABA17EBB2AB00697056 /* RootViewController.h */ = {isa = PBXFileReference; fileEncoding = 4; lastKnownFileType = sourcecode.c.h; name = RootViewController.h; path = ios/RootViewController.h; sourceTree = "<group>"; };
		509D4ABB17EBB2AB00697056 /* RootViewController.mm */ = {isa = PBXFileReference; fileEncoding = 4; lastKnownFileType = sourcecode.cpp.objcpp; name = RootViewController.mm; path = ios/RootViewController.mm; sourceTree = "<group>"; };
		509D4ACB17EBB2BE00697056 /* Icon.icns */ = {isa = PBXFileReference; lastKnownFileType = image.icns; path = Icon.icns; sourceTree = "<group>"; };
		509D4ACC17EBB2BE00697056 /* Info.plist */ = {isa = PBXFileReference; fileEncoding = 4; lastKnownFileType = text.plist.xml; path = Info.plist; sourceTree = "<group>"; };
		509D4ACD17EBB2BE00697056 /* main.cpp */ = {isa = PBXFileReference; fileEncoding = 4; lastKnownFileType = sourcecode.cpp.cpp; path = main.cpp; sourceTree = "<group>"; };
		509D4ACE17EBB2BE00697056 /* Prefix.pch */ = {isa = PBXFileReference; fileEncoding = 4; lastKnownFileType = sourcecode.c.h; path = Prefix.pch; sourceTree = "<group>"; };
		509D4AE617EBB81800697056 /* OpenGL.framework */ = {isa = PBXFileReference; lastKnownFileType = wrapper.framework; name = OpenGL.framework; path = System/Library/Frameworks/OpenGL.framework; sourceTree = SDKROOT; };
		509D4AE817EBB82000697056 /* AppKit.framework */ = {isa = PBXFileReference; lastKnownFileType = wrapper.framework; name = AppKit.framework; path = System/Library/Frameworks/AppKit.framework; sourceTree = SDKROOT; };
		509D4AEA17EBB82600697056 /* IOKit.framework */ = {isa = PBXFileReference; lastKnownFileType = wrapper.framework; name = IOKit.framework; path = System/Library/Frameworks/IOKit.framework; sourceTree = SDKROOT; };
		90F384331857043F00584303 /* Magpie TB.app */ = {isa = PBXFileReference; explicitFileType = wrapper.application; includeInIndex = 0; path = "Magpie TB.app"; sourceTree = BUILT_PRODUCTS_DIR; };
		90F38435185704F200584303 /* Default-568h@2x.png */ = {isa = PBXFileReference; lastKnownFileType = image.png; path = "Default-568h@2x.png"; sourceTree = "<group>"; };
		90F38436185704F200584303 /* Default.png */ = {isa = PBXFileReference; lastKnownFileType = image.png; path = Default.png; sourceTree = "<group>"; };
		90F38437185704F200584303 /* Default@2x.png */ = {isa = PBXFileReference; lastKnownFileType = image.png; path = "Default@2x.png"; sourceTree = "<group>"; };
		90F38438185704F200584303 /* Icon-100.png */ = {isa = PBXFileReference; lastKnownFileType = image.png; path = "Icon-100.png"; sourceTree = "<group>"; };
		90F38439185704F200584303 /* Icon-114.png */ = {isa = PBXFileReference; lastKnownFileType = image.png; path = "Icon-114.png"; sourceTree = "<group>"; };
		90F3843A185704F200584303 /* Icon-120.png */ = {isa = PBXFileReference; lastKnownFileType = image.png; path = "Icon-120.png"; sourceTree = "<group>"; };
		90F3843B185704F200584303 /* Icon-144.png */ = {isa = PBXFileReference; lastKnownFileType = image.png; path = "Icon-144.png"; sourceTree = "<group>"; };
		90F3843C185704F200584303 /* Icon-152.png */ = {isa = PBXFileReference; lastKnownFileType = image.png; path = "Icon-152.png"; sourceTree = "<group>"; };
		90F3843D185704F200584303 /* Icon-29.png */ = {isa = PBXFileReference; lastKnownFileType = image.png; path = "Icon-29.png"; sourceTree = "<group>"; };
		90F3843E185704F200584303 /* Icon-40.png */ = {isa = PBXFileReference; lastKnownFileType = image.png; path = "Icon-40.png"; sourceTree = "<group>"; };
		90F3843F185704F200584303 /* Icon-50.png */ = {isa = PBXFileReference; lastKnownFileType = image.png; path = "Icon-50.png"; sourceTree = "<group>"; };
		90F38440185704F200584303 /* Icon-57.png */ = {isa = PBXFileReference; lastKnownFileType = image.png; path = "Icon-57.png"; sourceTree = "<group>"; };
		90F38441185704F200584303 /* Icon-58.png */ = {isa = PBXFileReference; lastKnownFileType = image.png; path = "Icon-58.png"; sourceTree = "<group>"; };
		90F38442185704F200584303 /* Icon-72.png */ = {isa = PBXFileReference; lastKnownFileType = image.png; path = "Icon-72.png"; sourceTree = "<group>"; };
		90F38443185704F200584303 /* Icon-76.png */ = {isa = PBXFileReference; lastKnownFileType = image.png; path = "Icon-76.png"; sourceTree = "<group>"; };
		90F38444185704F200584303 /* Icon-80.png */ = {isa = PBXFileReference; lastKnownFileType = image.png; path = "Icon-80.png"; sourceTree = "<group>"; };
		90F38445185704F200584303 /* Info.plist */ = {isa = PBXFileReference; fileEncoding = 4; lastKnownFileType = text.plist.xml; path = Info.plist; sourceTree = "<group>"; };
		90F384581857050500584303 /* Default-568h@2x.png */ = {isa = PBXFileReference; lastKnownFileType = image.png; path = "Default-568h@2x.png"; sourceTree = "<group>"; };
		90F384591857050500584303 /* Default.png */ = {isa = PBXFileReference; lastKnownFileType = image.png; path = Default.png; sourceTree = "<group>"; };
		90F3845A1857050500584303 /* Default@2x.png */ = {isa = PBXFileReference; lastKnownFileType = image.png; path = "Default@2x.png"; sourceTree = "<group>"; };
		90F3845B1857050500584303 /* Icon-100.png */ = {isa = PBXFileReference; lastKnownFileType = image.png; path = "Icon-100.png"; sourceTree = "<group>"; };
		90F3845C1857050500584303 /* Icon-114.png */ = {isa = PBXFileReference; lastKnownFileType = image.png; path = "Icon-114.png"; sourceTree = "<group>"; };
		90F3845D1857050500584303 /* Icon-120.png */ = {isa = PBXFileReference; lastKnownFileType = image.png; path = "Icon-120.png"; sourceTree = "<group>"; };
		90F3845E1857050600584303 /* Icon-144.png */ = {isa = PBXFileReference; lastKnownFileType = image.png; path = "Icon-144.png"; sourceTree = "<group>"; };
		90F3845F1857050600584303 /* Icon-152.png */ = {isa = PBXFileReference; lastKnownFileType = image.png; path = "Icon-152.png"; sourceTree = "<group>"; };
		90F384601857050600584303 /* Icon-29.png */ = {isa = PBXFileReference; lastKnownFileType = image.png; path = "Icon-29.png"; sourceTree = "<group>"; };
		90F384611857050600584303 /* Icon-40.png */ = {isa = PBXFileReference; lastKnownFileType = image.png; path = "Icon-40.png"; sourceTree = "<group>"; };
		90F384621857050600584303 /* Icon-50.png */ = {isa = PBXFileReference; lastKnownFileType = image.png; path = "Icon-50.png"; sourceTree = "<group>"; };
		90F384631857050600584303 /* Icon-57.png */ = {isa = PBXFileReference; lastKnownFileType = image.png; path = "Icon-57.png"; sourceTree = "<group>"; };
		90F384641857050600584303 /* Icon-58.png */ = {isa = PBXFileReference; lastKnownFileType = image.png; path = "Icon-58.png"; sourceTree = "<group>"; };
		90F384651857050600584303 /* Icon-72.png */ = {isa = PBXFileReference; lastKnownFileType = image.png; path = "Icon-72.png"; sourceTree = "<group>"; };
		90F384661857050600584303 /* Icon-76.png */ = {isa = PBXFileReference; lastKnownFileType = image.png; path = "Icon-76.png"; sourceTree = "<group>"; };
		90F384671857050600584303 /* Icon-80.png */ = {isa = PBXFileReference; lastKnownFileType = image.png; path = "Icon-80.png"; sourceTree = "<group>"; };
		90F384681857050600584303 /* Info.plist */ = {isa = PBXFileReference; fileEncoding = 4; lastKnownFileType = text.plist.xml; path = Info.plist; sourceTree = "<group>"; };
		90F3847B1857087700584303 /* StoreKit.framework */ = {isa = PBXFileReference; lastKnownFileType = wrapper.framework; name = StoreKit.framework; path = Platforms/iPhoneOS.platform/Developer/SDKs/iPhoneOS7.0.sdk/System/Library/Frameworks/StoreKit.framework; sourceTree = DEVELOPER_DIR; };
		90F3847F18570E3F00584303 /* iTunesArtwork */ = {isa = PBXFileReference; lastKnownFileType = file; path = iTunesArtwork; sourceTree = "<group>"; };
		90F3848118570E4E00584303 /* iTunesArtwork */ = {isa = PBXFileReference; lastKnownFileType = file; path = iTunesArtwork; sourceTree = "<group>"; };
		A922753D1517C094001B78AA /* Magpie AppStore.app */ = {isa = PBXFileReference; explicitFileType = wrapper.application; includeInIndex = 0; path = "Magpie AppStore.app"; sourceTree = BUILT_PRODUCTS_DIR; };
		A92275411517C094001B78AA /* QuartzCore.framework */ = {isa = PBXFileReference; lastKnownFileType = wrapper.framework; name = QuartzCore.framework; path = System/Library/Frameworks/QuartzCore.framework; sourceTree = SDKROOT; };
		A92275431517C094001B78AA /* OpenGLES.framework */ = {isa = PBXFileReference; lastKnownFileType = wrapper.framework; name = OpenGLES.framework; path = System/Library/Frameworks/OpenGLES.framework; sourceTree = SDKROOT; };
		A92275451517C094001B78AA /* OpenAL.framework */ = {isa = PBXFileReference; lastKnownFileType = wrapper.framework; name = OpenAL.framework; path = System/Library/Frameworks/OpenAL.framework; sourceTree = SDKROOT; };
		A92275471517C094001B78AA /* AudioToolbox.framework */ = {isa = PBXFileReference; lastKnownFileType = wrapper.framework; name = AudioToolbox.framework; path = System/Library/Frameworks/AudioToolbox.framework; sourceTree = SDKROOT; };
		A92275491517C094001B78AA /* AVFoundation.framework */ = {isa = PBXFileReference; lastKnownFileType = wrapper.framework; name = AVFoundation.framework; path = System/Library/Frameworks/AVFoundation.framework; sourceTree = SDKROOT; };
		A922754B1517C094001B78AA /* UIKit.framework */ = {isa = PBXFileReference; lastKnownFileType = wrapper.framework; name = UIKit.framework; path = System/Library/Frameworks/UIKit.framework; sourceTree = SDKROOT; };
		A922754D1517C094001B78AA /* Foundation.framework */ = {isa = PBXFileReference; lastKnownFileType = wrapper.framework; name = Foundation.framework; path = System/Library/Frameworks/Foundation.framework; sourceTree = SDKROOT; };
		A922754F1517C094001B78AA /* CoreGraphics.framework */ = {isa = PBXFileReference; lastKnownFileType = wrapper.framework; name = CoreGraphics.framework; path = System/Library/Frameworks/CoreGraphics.framework; sourceTree = SDKROOT; };
		D454520B156E22BD00887EB5 /* libz.dylib */ = {isa = PBXFileReference; lastKnownFileType = "compiled.mach-o.dylib"; name = libz.dylib; path = usr/lib/libz.dylib; sourceTree = SDKROOT; };
		D4545215156E28EF00887EB5 /* AppDelegate.cpp */ = {isa = PBXFileReference; fileEncoding = 4; lastKnownFileType = sourcecode.cpp.cpp; path = AppDelegate.cpp; sourceTree = "<group>"; };
		D4545216156E28EF00887EB5 /* AppDelegate.h */ = {isa = PBXFileReference; fileEncoding = 4; lastKnownFileType = sourcecode.c.h; path = AppDelegate.h; sourceTree = "<group>"; };
		D6B061231803AB9F0077942B /* CoreMotion.framework */ = {isa = PBXFileReference; lastKnownFileType = wrapper.framework; name = CoreMotion.framework; path = Platforms/iPhoneOS.platform/Developer/SDKs/iPhoneOS7.0.sdk/System/Library/Frameworks/CoreMotion.framework; sourceTree = DEVELOPER_DIR; };
/* End PBXFileReference section */

/* Begin PBXFrameworksBuildPhase section */
		509D4A8217EBB24E00697056 /* Frameworks */ = {
			isa = PBXFrameworksBuildPhase;
			buildActionMask = 2147483647;
			files = (
				1A676829180E9C060076BC67 /* libchipmunk Mac.a in Frameworks */,
				1A67682A180E9C060076BC67 /* libcocos2dx Mac.a in Frameworks */,
				1A67682B180E9C060076BC67 /* libcocos2dx-extensions Mac.a in Frameworks */,
				1A67682C180E9C060076BC67 /* libCocosDenshion Mac.a in Frameworks */,
				1A67682D180E9C060076BC67 /* libjsbindings Mac.a in Frameworks */,
				502380DC17EBB88200990C9B /* libcurl.dylib in Frameworks */,
				509D4A8817EBB24E00697056 /* libsqlite3.dylib in Frameworks */,
				509D4A8917EBB24E00697056 /* libz.dylib in Frameworks */,
				509D4AEB17EBB82600697056 /* IOKit.framework in Frameworks */,
				509D4AE917EBB82000697056 /* AppKit.framework in Frameworks */,
				509D4AE717EBB81800697056 /* OpenGL.framework in Frameworks */,
				509D4A8A17EBB24E00697056 /* QuartzCore.framework in Frameworks */,
				509D4A8C17EBB24E00697056 /* OpenAL.framework in Frameworks */,
				509D4A8D17EBB24E00697056 /* AudioToolbox.framework in Frameworks */,
				509D4A8E17EBB24E00697056 /* AVFoundation.framework in Frameworks */,
				509D4A9017EBB24E00697056 /* Foundation.framework in Frameworks */,
				509D4A9117EBB24E00697056 /* CoreGraphics.framework in Frameworks */,
			);
			runOnlyForDeploymentPostprocessing = 0;
		};
		90F3840C1857043F00584303 /* Frameworks */ = {
			isa = PBXFrameworksBuildPhase;
			buildActionMask = 2147483647;
			files = (
				90F3840D1857043F00584303 /* libchipmunk iOS.a in Frameworks */,
				90F3840E1857043F00584303 /* libcocos2dx iOS.a in Frameworks */,
				90F3840F1857043F00584303 /* libcocos2dx-extensions iOS.a in Frameworks */,
				90F384101857043F00584303 /* libCocosDenshion iOS.a in Frameworks */,
				90F384111857043F00584303 /* libjsbindings iOS.a in Frameworks */,
				90F384121857043F00584303 /* CoreMotion.framework in Frameworks */,
				90F384131857043F00584303 /* libsqlite3.dylib in Frameworks */,
				90F384141857043F00584303 /* libz.dylib in Frameworks */,
				90F384151857043F00584303 /* QuartzCore.framework in Frameworks */,
				90F384161857043F00584303 /* OpenGLES.framework in Frameworks */,
				90F384171857043F00584303 /* OpenAL.framework in Frameworks */,
				90F384181857043F00584303 /* AudioToolbox.framework in Frameworks */,
				90F384191857043F00584303 /* AVFoundation.framework in Frameworks */,
				90F3841A1857043F00584303 /* UIKit.framework in Frameworks */,
				90F3841B1857043F00584303 /* Foundation.framework in Frameworks */,
				90F3841C1857043F00584303 /* CoreGraphics.framework in Frameworks */,
			);
			runOnlyForDeploymentPostprocessing = 0;
		};
		A922753A1517C094001B78AA /* Frameworks */ = {
			isa = PBXFrameworksBuildPhase;
			buildActionMask = 2147483647;
			files = (
				1A676838180E9C1E0076BC67 /* libchipmunk iOS.a in Frameworks */,
				1A676839180E9C1E0076BC67 /* libcocos2dx iOS.a in Frameworks */,
				1A67683A180E9C1E0076BC67 /* libcocos2dx-extensions iOS.a in Frameworks */,
				1A67683B180E9C1E0076BC67 /* libCocosDenshion iOS.a in Frameworks */,
				1A67683C180E9C1E0076BC67 /* libjsbindings iOS.a in Frameworks */,
				D6B061241803AB9F0077942B /* CoreMotion.framework in Frameworks */,
				1A82F5FB169AC92500C4B13A /* libsqlite3.dylib in Frameworks */,
				D454520C156E22BD00887EB5 /* libz.dylib in Frameworks */,
				A92275421517C094001B78AA /* QuartzCore.framework in Frameworks */,
				A92275441517C094001B78AA /* OpenGLES.framework in Frameworks */,
				A92275461517C094001B78AA /* OpenAL.framework in Frameworks */,
				A92275481517C094001B78AA /* AudioToolbox.framework in Frameworks */,
				A922754A1517C094001B78AA /* AVFoundation.framework in Frameworks */,
				A922754C1517C094001B78AA /* UIKit.framework in Frameworks */,
				90F3847C1857087700584303 /* StoreKit.framework in Frameworks */,
				A922754E1517C094001B78AA /* Foundation.framework in Frameworks */,
				A92275501517C094001B78AA /* CoreGraphics.framework in Frameworks */,
			);
			runOnlyForDeploymentPostprocessing = 0;
		};
/* End PBXFrameworksBuildPhase section */

/* Begin PBXGroup section */
		15628F5B15F0F5C2000CF24B /* Resources */ = {
			isa = PBXGroup;
			children = (
				1AE4B40116D1FECD003C6D1C /* res */,
				1AE4B40216D1FECD003C6D1C /* src */,
			);
			name = Resources;
			sourceTree = "<group>";
		};
		1A6767EC180E9AF00076BC67 /* JS Common */ = {
			isa = PBXGroup;
			children = (
				1A6767ED180E9B160076BC67 /* debugger */,
				1A6767EE180E9B160076BC67 /* jsb_chipmunk_constants.js */,
				1A6767EF180E9B160076BC67 /* jsb_chipmunk.js */,
				1A6767F0180E9B160076BC67 /* jsb_cocos2d_constants.js */,
				1A6767F1180E9B160076BC67 /* jsb_cocos2d_extension.js */,
				1A6767F2180E9B160076BC67 /* jsb_cocos2d.js */,
				1A6767F3180E9B160076BC67 /* jsb_cocosbuilder.js */,
				1A6767F4180E9B160076BC67 /* jsb_debugger.js */,
				1A6767F5180E9B160076BC67 /* jsb_deprecated.js */,
				1A6767F6180E9B160076BC67 /* jsb_opengl_constants.js */,
				1A6767F7180E9B160076BC67 /* jsb_opengl.js */,
				1A6767F8180E9B160076BC67 /* jsb_sys.js */,
				1A6767F9180E9B160076BC67 /* jsb.js */,
			);
			name = "JS Common";
			sourceTree = "<group>";
		};
		1AC6FB35180E9ACB004C840B /* Products */ = {
			isa = PBXGroup;
			children = (
				1AC6FB48180E9ACB004C840B /* libcocos2dx Mac.a */,
				1AC6FB4A180E9ACB004C840B /* libcocos2dx-extensions Mac.a */,
				1AC6FB4C180E9ACB004C840B /* libchipmunk Mac.a */,
				1AC6FB4E180E9ACB004C840B /* libbox2d Mac.a */,
				1AC6FB50180E9ACB004C840B /* libCocosDenshion Mac.a */,
				1AC6FB52180E9ACB004C840B /* libjsbindings Mac.a */,
				1AC6FB54180E9ACB004C840B /* libluabindings Mac.a */,
				1AC6FB56180E9ACB004C840B /* libcocos2dx iOS.a */,
				1AC6FB58180E9ACB004C840B /* libcocos2dx-extensions iOS.a */,
				1AC6FB5A180E9ACB004C840B /* libchipmunk iOS.a */,
				1AC6FB5C180E9ACB004C840B /* libbox2d iOS.a */,
				1AC6FB5E180E9ACB004C840B /* libCocosDenshion iOS.a */,
				1AC6FB60180E9ACB004C840B /* libjsbindings iOS.a */,
				1AC6FB62180E9ACB004C840B /* libluabindings iOS.a */,
			);
			name = Products;
			sourceTree = "<group>";
		};
		509D4ACA17EBB2BE00697056 /* mac */ = {
			isa = PBXGroup;
			children = (
				509D4ACB17EBB2BE00697056 /* Icon.icns */,
				509D4ACC17EBB2BE00697056 /* Info.plist */,
				509D4ACD17EBB2BE00697056 /* main.cpp */,
				509D4ACE17EBB2BE00697056 /* Prefix.pch */,
			);
			path = mac;
			sourceTree = "<group>";
		};
		90F38434185704F200584303 /* AppStore */ = {
			isa = PBXGroup;
			children = (
				90F3848118570E4E00584303 /* iTunesArtwork */,
				90F38435185704F200584303 /* Default-568h@2x.png */,
				90F38436185704F200584303 /* Default.png */,
				90F38437185704F200584303 /* Default@2x.png */,
				90F38438185704F200584303 /* Icon-100.png */,
				90F38439185704F200584303 /* Icon-114.png */,
				90F3843A185704F200584303 /* Icon-120.png */,
				90F3843B185704F200584303 /* Icon-144.png */,
				90F3843C185704F200584303 /* Icon-152.png */,
				90F3843D185704F200584303 /* Icon-29.png */,
				90F3843E185704F200584303 /* Icon-40.png */,
				90F3843F185704F200584303 /* Icon-50.png */,
				90F38440185704F200584303 /* Icon-57.png */,
				90F38441185704F200584303 /* Icon-58.png */,
				90F38442185704F200584303 /* Icon-72.png */,
				90F38443185704F200584303 /* Icon-76.png */,
				90F38444185704F200584303 /* Icon-80.png */,
				90F38445185704F200584303 /* Info.plist */,
			);
			name = AppStore;
			path = ios/AppStore;
			sourceTree = "<group>";
		};
		90F384571857050500584303 /* TB */ = {
			isa = PBXGroup;
			children = (
				90F3847F18570E3F00584303 /* iTunesArtwork */,
				90F384581857050500584303 /* Default-568h@2x.png */,
				90F384591857050500584303 /* Default.png */,
				90F3845A1857050500584303 /* Default@2x.png */,
				90F3845B1857050500584303 /* Icon-100.png */,
				90F3845C1857050500584303 /* Icon-114.png */,
				90F3845D1857050500584303 /* Icon-120.png */,
				90F3845E1857050600584303 /* Icon-144.png */,
				90F3845F1857050600584303 /* Icon-152.png */,
				90F384601857050600584303 /* Icon-29.png */,
				90F384611857050600584303 /* Icon-40.png */,
				90F384621857050600584303 /* Icon-50.png */,
				90F384631857050600584303 /* Icon-57.png */,
				90F384641857050600584303 /* Icon-58.png */,
				90F384651857050600584303 /* Icon-72.png */,
				90F384661857050600584303 /* Icon-76.png */,
				90F384671857050600584303 /* Icon-80.png */,
				90F384681857050600584303 /* Info.plist */,
			);
			name = TB;
			path = ios/TB;
			sourceTree = "<group>";
		};
		A92275321517C094001B78AA = {
			isa = PBXGroup;
			children = (
				1AC6FB34180E9ACB004C840B /* cocos2d_libs.xcodeproj */,
				15FD5C6D183A6189005CFF55 /* jsb_cocos2d_gui.js */,
				15FD5C6E183A6189005CFF55 /* jsb_cocos2d_studio.js */,
				15FD5C69183A6170005CFF55 /* jsb_cocos2d_gui.js */,
				15FD5C6A183A6170005CFF55 /* jsb_cocos2d_studio.js */,
				15FD5C67183A6112005CFF55 /* cocos2d-jsb.js */,
				15FD5C5F183A60FE005CFF55 /* cocos2d-jsb.js */,
				D4545214156E28EF00887EB5 /* Classes */,
				A92275401517C094001B78AA /* Frameworks */,
				D45446CC156DE73F00887EB5 /* ios */,
				1A6767EC180E9AF00076BC67 /* JS Common */,
				509D4ACA17EBB2BE00697056 /* mac */,
				A922753E1517C094001B78AA /* Products */,
				15628F5B15F0F5C2000CF24B /* Resources */,
			);
			sourceTree = "<group>";
		};
		A922753E1517C094001B78AA /* Products */ = {
			isa = PBXGroup;
			children = (
				A922753D1517C094001B78AA /* Magpie AppStore.app */,
				509D4AAA17EBB24E00697056 /* Magpie Mac.app */,
				90F384331857043F00584303 /* Magpie TB.app */,
			);
			name = Products;
			sourceTree = "<group>";
		};
		A92275401517C094001B78AA /* Frameworks */ = {
			isa = PBXGroup;
			children = (
				90F3847B1857087700584303 /* StoreKit.framework */,
				D6B061231803AB9F0077942B /* CoreMotion.framework */,
				502380DB17EBB88200990C9B /* libcurl.dylib */,
				509D4AEA17EBB82600697056 /* IOKit.framework */,
				509D4AE817EBB82000697056 /* AppKit.framework */,
				509D4AE617EBB81800697056 /* OpenGL.framework */,
				1A96A4F2174A3432008653A9 /* libcurl.a */,
				1A82F5FA169AC92500C4B13A /* libsqlite3.dylib */,
				D454520B156E22BD00887EB5 /* libz.dylib */,
				A92275411517C094001B78AA /* QuartzCore.framework */,
				A92275431517C094001B78AA /* OpenGLES.framework */,
				A92275451517C094001B78AA /* OpenAL.framework */,
				A92275471517C094001B78AA /* AudioToolbox.framework */,
				A92275491517C094001B78AA /* AVFoundation.framework */,
				A922754B1517C094001B78AA /* UIKit.framework */,
				A922754D1517C094001B78AA /* Foundation.framework */,
				A922754F1517C094001B78AA /* CoreGraphics.framework */,
			);
			name = Frameworks;
			sourceTree = "<group>";
		};
		D45446CC156DE73F00887EB5 /* ios */ = {
			isa = PBXGroup;
			children = (
				90F384571857050500584303 /* TB */,
				90F38434185704F200584303 /* AppStore */,
				509D4AAB17EBB2AB00697056 /* AppController.h */,
				509D4AAC17EBB2AB00697056 /* AppController.mm */,
				509D4AB817EBB2AB00697056 /* main.m */,
				509D4AB917EBB2AB00697056 /* Prefix.pch */,
				509D4ABA17EBB2AB00697056 /* RootViewController.h */,
				509D4ABB17EBB2AB00697056 /* RootViewController.mm */,
			);
			name = ios;
			sourceTree = "<group>";
		};
		D4545214156E28EF00887EB5 /* Classes */ = {
			isa = PBXGroup;
			children = (
				D4545215156E28EF00887EB5 /* AppDelegate.cpp */,
				D4545216156E28EF00887EB5 /* AppDelegate.h */,
			);
			name = Classes;
			path = ../Classes;
			sourceTree = "<group>";
		};
/* End PBXGroup section */

/* Begin PBXNativeTarget section */
		509D4A7517EBB24E00697056 /* Magpie Mac */ = {
			isa = PBXNativeTarget;
			buildConfigurationList = 509D4AA717EBB24E00697056 /* Build configuration list for PBXNativeTarget "Magpie Mac" */;
			buildPhases = (
				509D4A8017EBB24E00697056 /* Sources */,
				509D4A8217EBB24E00697056 /* Frameworks */,
				509D4A9317EBB24E00697056 /* Resources */,
			);
			buildRules = (
			);
			dependencies = (
				1A676820180E9BF70076BC67 /* PBXTargetDependency */,
				1A676822180E9BF70076BC67 /* PBXTargetDependency */,
				1A676824180E9BF70076BC67 /* PBXTargetDependency */,
				1A676826180E9BF70076BC67 /* PBXTargetDependency */,
				1A676828180E9BF70076BC67 /* PBXTargetDependency */,
			);
			name = "Magpie Mac";
			productName = Magpie;
			productReference = 509D4AAA17EBB24E00697056 /* Magpie Mac.app */;
			productType = "com.apple.product-type.application";
		};
		90F383FC1857043F00584303 /* Magpie TB */ = {
			isa = PBXNativeTarget;
			buildConfigurationList = 90F384301857043F00584303 /* Build configuration list for PBXNativeTarget "Magpie TB" */;
			buildPhases = (
				90F3847E18570BFE00584303 /* ShellScript */,
				90F384071857043F00584303 /* Sources */,
				90F3840C1857043F00584303 /* Frameworks */,
				90F3841D1857043F00584303 /* Resources */,
			);
			buildRules = (
			);
			dependencies = (
				90F383FD1857043F00584303 /* PBXTargetDependency */,
				90F383FF1857043F00584303 /* PBXTargetDependency */,
				90F384011857043F00584303 /* PBXTargetDependency */,
				90F384031857043F00584303 /* PBXTargetDependency */,
				90F384051857043F00584303 /* PBXTargetDependency */,
			);
			name = "Magpie TB";
			productName = Magpie;
			productReference = 90F384331857043F00584303 /* Magpie TB.app */;
			productType = "com.apple.product-type.application";
		};
		A922753C1517C094001B78AA /* Magpie AppStore */ = {
			isa = PBXNativeTarget;
			buildConfigurationList = A92277001517C097001B78AA /* Build configuration list for PBXNativeTarget "Magpie AppStore" */;
			buildPhases = (
				90F3847D18570BC100584303 /* ShellScript */,
				A92275391517C094001B78AA /* Sources */,
				A922753A1517C094001B78AA /* Frameworks */,
				A922753B1517C094001B78AA /* Resources */,
			);
			buildRules = (
			);
			dependencies = (
				1A67682F180E9C110076BC67 /* PBXTargetDependency */,
				1A676831180E9C110076BC67 /* PBXTargetDependency */,
				1A676833180E9C110076BC67 /* PBXTargetDependency */,
				1A676835180E9C110076BC67 /* PBXTargetDependency */,
				1A676837180E9C110076BC67 /* PBXTargetDependency */,
			);
			name = "Magpie AppStore";
			productName = Magpie;
			productReference = A922753D1517C094001B78AA /* Magpie AppStore.app */;
			productType = "com.apple.product-type.application";
		};
/* End PBXNativeTarget section */

/* Begin PBXProject section */
		A92275341517C094001B78AA /* Project object */ = {
			isa = PBXProject;
			attributes = {
				LastUpgradeCheck = 0500;
				TargetAttributes = {
					90F383FC1857043F00584303 = {
						DevelopmentTeam = TJT2HAB95B;
					};
					A922753C1517C094001B78AA = {
						DevelopmentTeam = TJT2HAB95B;
						SystemCapabilities = {
							com.apple.InAppPurchase = {
								enabled = 1;
							};
						};
					};
				};
			};
			buildConfigurationList = A92275371517C094001B78AA /* Build configuration list for PBXProject "Magpie" */;
			compatibilityVersion = "Xcode 3.2";
			developmentRegion = English;
			hasScannedForEncodings = 0;
			knownRegions = (
				en,
			);
			mainGroup = A92275321517C094001B78AA;
			productRefGroup = A922753E1517C094001B78AA /* Products */;
			projectDirPath = "";
			projectReferences = (
				{
					ProductGroup = 1AC6FB35180E9ACB004C840B /* Products */;
					ProjectRef = 1AC6FB34180E9ACB004C840B /* cocos2d_libs.xcodeproj */;
				},
			);
			projectRoot = "";
			targets = (
				A922753C1517C094001B78AA /* Magpie AppStore */,
				90F383FC1857043F00584303 /* Magpie TB */,
				509D4A7517EBB24E00697056 /* Magpie Mac */,
			);
		};
/* End PBXProject section */

/* Begin PBXReferenceProxy section */
		1AC6FB48180E9ACB004C840B /* libcocos2dx Mac.a */ = {
			isa = PBXReferenceProxy;
			fileType = archive.ar;
			path = "libcocos2dx Mac.a";
			remoteRef = 1AC6FB47180E9ACB004C840B /* PBXContainerItemProxy */;
			sourceTree = BUILT_PRODUCTS_DIR;
		};
		1AC6FB4A180E9ACB004C840B /* libcocos2dx-extensions Mac.a */ = {
			isa = PBXReferenceProxy;
			fileType = archive.ar;
			path = "libcocos2dx-extensions Mac.a";
			remoteRef = 1AC6FB49180E9ACB004C840B /* PBXContainerItemProxy */;
			sourceTree = BUILT_PRODUCTS_DIR;
		};
		1AC6FB4C180E9ACB004C840B /* libchipmunk Mac.a */ = {
			isa = PBXReferenceProxy;
			fileType = archive.ar;
			path = "libchipmunk Mac.a";
			remoteRef = 1AC6FB4B180E9ACB004C840B /* PBXContainerItemProxy */;
			sourceTree = BUILT_PRODUCTS_DIR;
		};
		1AC6FB4E180E9ACB004C840B /* libbox2d Mac.a */ = {
			isa = PBXReferenceProxy;
			fileType = archive.ar;
			path = "libbox2d Mac.a";
			remoteRef = 1AC6FB4D180E9ACB004C840B /* PBXContainerItemProxy */;
			sourceTree = BUILT_PRODUCTS_DIR;
		};
		1AC6FB50180E9ACB004C840B /* libCocosDenshion Mac.a */ = {
			isa = PBXReferenceProxy;
			fileType = archive.ar;
			path = "libCocosDenshion Mac.a";
			remoteRef = 1AC6FB4F180E9ACB004C840B /* PBXContainerItemProxy */;
			sourceTree = BUILT_PRODUCTS_DIR;
		};
		1AC6FB52180E9ACB004C840B /* libjsbindings Mac.a */ = {
			isa = PBXReferenceProxy;
			fileType = archive.ar;
			path = "libjsbindings Mac.a";
			remoteRef = 1AC6FB51180E9ACB004C840B /* PBXContainerItemProxy */;
			sourceTree = BUILT_PRODUCTS_DIR;
		};
		1AC6FB54180E9ACB004C840B /* libluabindings Mac.a */ = {
			isa = PBXReferenceProxy;
			fileType = archive.ar;
			path = "libluabindings Mac.a";
			remoteRef = 1AC6FB53180E9ACB004C840B /* PBXContainerItemProxy */;
			sourceTree = BUILT_PRODUCTS_DIR;
		};
		1AC6FB56180E9ACB004C840B /* libcocos2dx iOS.a */ = {
			isa = PBXReferenceProxy;
			fileType = archive.ar;
			path = "libcocos2dx iOS.a";
			remoteRef = 1AC6FB55180E9ACB004C840B /* PBXContainerItemProxy */;
			sourceTree = BUILT_PRODUCTS_DIR;
		};
		1AC6FB58180E9ACB004C840B /* libcocos2dx-extensions iOS.a */ = {
			isa = PBXReferenceProxy;
			fileType = archive.ar;
			path = "libcocos2dx-extensions iOS.a";
			remoteRef = 1AC6FB57180E9ACB004C840B /* PBXContainerItemProxy */;
			sourceTree = BUILT_PRODUCTS_DIR;
		};
		1AC6FB5A180E9ACB004C840B /* libchipmunk iOS.a */ = {
			isa = PBXReferenceProxy;
			fileType = archive.ar;
			path = "libchipmunk iOS.a";
			remoteRef = 1AC6FB59180E9ACB004C840B /* PBXContainerItemProxy */;
			sourceTree = BUILT_PRODUCTS_DIR;
		};
		1AC6FB5C180E9ACB004C840B /* libbox2d iOS.a */ = {
			isa = PBXReferenceProxy;
			fileType = archive.ar;
			path = "libbox2d iOS.a";
			remoteRef = 1AC6FB5B180E9ACB004C840B /* PBXContainerItemProxy */;
			sourceTree = BUILT_PRODUCTS_DIR;
		};
		1AC6FB5E180E9ACB004C840B /* libCocosDenshion iOS.a */ = {
			isa = PBXReferenceProxy;
			fileType = archive.ar;
			path = "libCocosDenshion iOS.a";
			remoteRef = 1AC6FB5D180E9ACB004C840B /* PBXContainerItemProxy */;
			sourceTree = BUILT_PRODUCTS_DIR;
		};
		1AC6FB60180E9ACB004C840B /* libjsbindings iOS.a */ = {
			isa = PBXReferenceProxy;
			fileType = archive.ar;
			path = "libjsbindings iOS.a";
			remoteRef = 1AC6FB5F180E9ACB004C840B /* PBXContainerItemProxy */;
			sourceTree = BUILT_PRODUCTS_DIR;
		};
		1AC6FB62180E9ACB004C840B /* libluabindings iOS.a */ = {
			isa = PBXReferenceProxy;
			fileType = archive.ar;
			path = "libluabindings iOS.a";
			remoteRef = 1AC6FB61180E9ACB004C840B /* PBXContainerItemProxy */;
			sourceTree = BUILT_PRODUCTS_DIR;
		};
/* End PBXReferenceProxy section */

/* Begin PBXResourcesBuildPhase section */
		509D4A9317EBB24E00697056 /* Resources */ = {
			isa = PBXResourcesBuildPhase;
			buildActionMask = 2147483647;
			files = (
				15FD5C6B183A6170005CFF55 /* jsb_cocos2d_gui.js in Resources */,
				15FD5C6C183A6170005CFF55 /* jsb_cocos2d_studio.js in Resources */,
				15FD5C68183A6112005CFF55 /* cocos2d-jsb.js in Resources */,
				1A67683E180E9CE90076BC67 /* jsb_chipmunk_constants.js in Resources */,
				1A67683F180E9CE90076BC67 /* jsb_chipmunk.js in Resources */,
				1A676840180E9CE90076BC67 /* jsb_cocos2d_constants.js in Resources */,
				1A676841180E9CE90076BC67 /* jsb_cocos2d_extension.js in Resources */,
				1A676842180E9CE90076BC67 /* jsb_cocos2d.js in Resources */,
				1A676843180E9CE90076BC67 /* jsb_cocosbuilder.js in Resources */,
				1A676844180E9CE90076BC67 /* jsb_debugger.js in Resources */,
				1A676845180E9CE90076BC67 /* jsb_deprecated.js in Resources */,
				1A676846180E9CE90076BC67 /* jsb_opengl_constants.js in Resources */,
				1A676847180E9CE90076BC67 /* jsb_opengl.js in Resources */,
				1A676848180E9CE90076BC67 /* jsb_sys.js in Resources */,
				1A676849180E9CE90076BC67 /* jsb.js in Resources */,
				509D4ACF17EBB2BE00697056 /* Icon.icns in Resources */,
				509D4AA517EBB24E00697056 /* res in Resources */,
				509D4AA617EBB24E00697056 /* src in Resources */,
				1A6767FB180E9B160076BC67 /* debugger in Resources */,
			);
			runOnlyForDeploymentPostprocessing = 0;
		};
		90F3841D1857043F00584303 /* Resources */ = {
			isa = PBXResourcesBuildPhase;
			buildActionMask = 2147483647;
			files = (
				90F3841E1857043F00584303 /* jsb_cocos2d_gui.js in Resources */,
				90F384701857050600584303 /* Icon-152.png in Resources */,
				90F3841F1857043F00584303 /* jsb_cocos2d_studio.js in Resources */,
				90F384201857043F00584303 /* cocos2d-jsb.js in Resources */,
				90F384211857043F00584303 /* jsb_chipmunk_constants.js in Resources */,
				90F384221857043F00584303 /* jsb_chipmunk.js in Resources */,
				90F384231857043F00584303 /* jsb_cocos2d_constants.js in Resources */,
				90F384241857043F00584303 /* jsb_cocos2d_extension.js in Resources */,
				90F384251857043F00584303 /* jsb_cocos2d.js in Resources */,
				90F3846F1857050600584303 /* Icon-144.png in Resources */,
				90F3846C1857050600584303 /* Icon-100.png in Resources */,
				90F384711857050600584303 /* Icon-29.png in Resources */,
				90F384751857050600584303 /* Icon-58.png in Resources */,
				90F384261857043F00584303 /* jsb_cocosbuilder.js in Resources */,
				90F384781857050600584303 /* Icon-80.png in Resources */,
				90F384271857043F00584303 /* jsb_debugger.js in Resources */,
				90F384281857043F00584303 /* jsb_deprecated.js in Resources */,
				90F384291857043F00584303 /* jsb_opengl_constants.js in Resources */,
				90F384771857050600584303 /* Icon-76.png in Resources */,
				90F3846B1857050600584303 /* Default@2x.png in Resources */,
				90F384691857050600584303 /* Default-568h@2x.png in Resources */,
				90F3842A1857043F00584303 /* jsb_opengl.js in Resources */,
				90F3846E1857050600584303 /* Icon-120.png in Resources */,
				90F3848018570E3F00584303 /* iTunesArtwork in Resources */,
				90F384741857050600584303 /* Icon-57.png in Resources */,
				90F3842B1857043F00584303 /* jsb_sys.js in Resources */,
				90F3842C1857043F00584303 /* jsb.js in Resources */,
				90F3842D1857043F00584303 /* res in Resources */,
				90F3842E1857043F00584303 /* src in Resources */,
				90F384721857050600584303 /* Icon-40.png in Resources */,
				90F3842F1857043F00584303 /* debugger in Resources */,
				90F384731857050600584303 /* Icon-50.png in Resources */,
				90F384761857050600584303 /* Icon-72.png in Resources */,
				90F3846A1857050600584303 /* Default.png in Resources */,
				90F3846D1857050600584303 /* Icon-114.png in Resources */,
			);
			runOnlyForDeploymentPostprocessing = 0;
		};
		A922753B1517C094001B78AA /* Resources */ = {
			isa = PBXResourcesBuildPhase;
			buildActionMask = 2147483647;
			files = (
				15FD5C6F183A618A005CFF55 /* jsb_cocos2d_gui.js in Resources */,
				90F3844D185704F200584303 /* Icon-152.png in Resources */,
				15FD5C70183A618A005CFF55 /* jsb_cocos2d_studio.js in Resources */,
				15FD5C60183A60FE005CFF55 /* cocos2d-jsb.js in Resources */,
				1A67684A180E9CF10076BC67 /* jsb_chipmunk_constants.js in Resources */,
				1A67684B180E9CF10076BC67 /* jsb_chipmunk.js in Resources */,
				1A67684C180E9CF10076BC67 /* jsb_cocos2d_constants.js in Resources */,
				1A67684D180E9CF10076BC67 /* jsb_cocos2d_extension.js in Resources */,
				1A67684E180E9CF10076BC67 /* jsb_cocos2d.js in Resources */,
				90F3844C185704F200584303 /* Icon-144.png in Resources */,
				90F38449185704F200584303 /* Icon-100.png in Resources */,
				90F3844E185704F200584303 /* Icon-29.png in Resources */,
				90F38452185704F200584303 /* Icon-58.png in Resources */,
				1A67684F180E9CF10076BC67 /* jsb_cocosbuilder.js in Resources */,
				90F38455185704F200584303 /* Icon-80.png in Resources */,
				1A676850180E9CF10076BC67 /* jsb_debugger.js in Resources */,
				1A676851180E9CF10076BC67 /* jsb_deprecated.js in Resources */,
				1A676852180E9CF10076BC67 /* jsb_opengl_constants.js in Resources */,
				90F38454185704F200584303 /* Icon-76.png in Resources */,
				90F38448185704F200584303 /* Default@2x.png in Resources */,
				90F38446185704F200584303 /* Default-568h@2x.png in Resources */,
				1A676853180E9CF10076BC67 /* jsb_opengl.js in Resources */,
				90F3844B185704F200584303 /* Icon-120.png in Resources */,
				90F3848218570E4E00584303 /* iTunesArtwork in Resources */,
				90F38451185704F200584303 /* Icon-57.png in Resources */,
				1A676854180E9CF10076BC67 /* jsb_sys.js in Resources */,
				1A676855180E9CF10076BC67 /* jsb.js in Resources */,
				1AE4B40416D1FECD003C6D1C /* res in Resources */,
				1AE4B40516D1FECD003C6D1C /* src in Resources */,
				90F3844F185704F200584303 /* Icon-40.png in Resources */,
				1A6767FA180E9B160076BC67 /* debugger in Resources */,
				90F38450185704F200584303 /* Icon-50.png in Resources */,
				90F38453185704F200584303 /* Icon-72.png in Resources */,
				90F38447185704F200584303 /* Default.png in Resources */,
				90F3844A185704F200584303 /* Icon-114.png in Resources */,
			);
			runOnlyForDeploymentPostprocessing = 0;
		};
/* End PBXResourcesBuildPhase section */

/* Begin PBXShellScriptBuildPhase section */
		90F3847D18570BC100584303 /* ShellScript */ = {
			isa = PBXShellScriptBuildPhase;
			buildActionMask = 2147483647;
			files = (
			);
			inputPaths = (
			);
			outputPaths = (
			);
			runOnlyForDeploymentPostprocessing = 0;
			shellPath = /bin/tcsh;
			shellScript = "touch -cm ${SRCROOT}/Resources/src\ntouch -cm ${SRCROOT}/Resources/res";
		};
		90F3847E18570BFE00584303 /* ShellScript */ = {
			isa = PBXShellScriptBuildPhase;
			buildActionMask = 2147483647;
			files = (
			);
			inputPaths = (
			);
			outputPaths = (
			);
			runOnlyForDeploymentPostprocessing = 0;
			shellPath = /bin/tcsh;
			shellScript = "touch -cm ${SRCROOT}/Resources/src\ntouch -cm ${SRCROOT}/Resources/res";
		};
/* End PBXShellScriptBuildPhase section */

/* Begin PBXSourcesBuildPhase section */
		509D4A8017EBB24E00697056 /* Sources */ = {
			isa = PBXSourcesBuildPhase;
			buildActionMask = 2147483647;
			files = (
				509D4AD117EBB2BE00697056 /* main.cpp in Sources */,
				509D4A8117EBB24E00697056 /* AppDelegate.cpp in Sources */,
			);
			runOnlyForDeploymentPostprocessing = 0;
		};
		90F384071857043F00584303 /* Sources */ = {
			isa = PBXSourcesBuildPhase;
			buildActionMask = 2147483647;
			files = (
				90F384081857043F00584303 /* RootViewController.mm in Sources */,
				90F384091857043F00584303 /* AppDelegate.cpp in Sources */,
				90F3840A1857043F00584303 /* main.m in Sources */,
				90F3840B1857043F00584303 /* AppController.mm in Sources */,
			);
			runOnlyForDeploymentPostprocessing = 0;
		};
		A92275391517C094001B78AA /* Sources */ = {
			isa = PBXSourcesBuildPhase;
			buildActionMask = 2147483647;
			files = (
				509D4AC917EBB2AB00697056 /* RootViewController.mm in Sources */,
				D4545227156E28EF00887EB5 /* AppDelegate.cpp in Sources */,
				509D4AC817EBB2AB00697056 /* main.m in Sources */,
				509D4ABC17EBB2AB00697056 /* AppController.mm in Sources */,
			);
			runOnlyForDeploymentPostprocessing = 0;
		};
/* End PBXSourcesBuildPhase section */

/* Begin PBXTargetDependency section */
		1A676820180E9BF70076BC67 /* PBXTargetDependency */ = {
			isa = PBXTargetDependency;
			name = "cocos2dx Mac";
			targetProxy = 1A67681F180E9BF70076BC67 /* PBXContainerItemProxy */;
		};
		1A676822180E9BF70076BC67 /* PBXTargetDependency */ = {
			isa = PBXTargetDependency;
			name = "cocos2dx-extensions Mac";
			targetProxy = 1A676821180E9BF70076BC67 /* PBXContainerItemProxy */;
		};
		1A676824180E9BF70076BC67 /* PBXTargetDependency */ = {
			isa = PBXTargetDependency;
			name = "chipmunk Mac";
			targetProxy = 1A676823180E9BF70076BC67 /* PBXContainerItemProxy */;
		};
		1A676826180E9BF70076BC67 /* PBXTargetDependency */ = {
			isa = PBXTargetDependency;
			name = "CocosDenshion Mac";
			targetProxy = 1A676825180E9BF70076BC67 /* PBXContainerItemProxy */;
		};
		1A676828180E9BF70076BC67 /* PBXTargetDependency */ = {
			isa = PBXTargetDependency;
			name = "jsbindings Mac";
			targetProxy = 1A676827180E9BF70076BC67 /* PBXContainerItemProxy */;
		};
		1A67682F180E9C110076BC67 /* PBXTargetDependency */ = {
			isa = PBXTargetDependency;
			name = "cocos2dx iOS";
			targetProxy = 1A67682E180E9C110076BC67 /* PBXContainerItemProxy */;
		};
		1A676831180E9C110076BC67 /* PBXTargetDependency */ = {
			isa = PBXTargetDependency;
			name = "cocos2dx-extensions iOS";
			targetProxy = 1A676830180E9C110076BC67 /* PBXContainerItemProxy */;
		};
		1A676833180E9C110076BC67 /* PBXTargetDependency */ = {
			isa = PBXTargetDependency;
			name = "chipmunk iOS";
			targetProxy = 1A676832180E9C110076BC67 /* PBXContainerItemProxy */;
		};
		1A676835180E9C110076BC67 /* PBXTargetDependency */ = {
			isa = PBXTargetDependency;
			name = "CocosDenshion iOS";
			targetProxy = 1A676834180E9C110076BC67 /* PBXContainerItemProxy */;
		};
		1A676837180E9C110076BC67 /* PBXTargetDependency */ = {
			isa = PBXTargetDependency;
			name = "jsbindings iOS";
			targetProxy = 1A676836180E9C110076BC67 /* PBXContainerItemProxy */;
		};
		90F383FD1857043F00584303 /* PBXTargetDependency */ = {
			isa = PBXTargetDependency;
			name = "cocos2dx iOS";
			targetProxy = 90F383FE1857043F00584303 /* PBXContainerItemProxy */;
		};
		90F383FF1857043F00584303 /* PBXTargetDependency */ = {
			isa = PBXTargetDependency;
			name = "cocos2dx-extensions iOS";
			targetProxy = 90F384001857043F00584303 /* PBXContainerItemProxy */;
		};
		90F384011857043F00584303 /* PBXTargetDependency */ = {
			isa = PBXTargetDependency;
			name = "chipmunk iOS";
			targetProxy = 90F384021857043F00584303 /* PBXContainerItemProxy */;
		};
		90F384031857043F00584303 /* PBXTargetDependency */ = {
			isa = PBXTargetDependency;
			name = "CocosDenshion iOS";
			targetProxy = 90F384041857043F00584303 /* PBXContainerItemProxy */;
		};
		90F384051857043F00584303 /* PBXTargetDependency */ = {
			isa = PBXTargetDependency;
			name = "jsbindings iOS";
			targetProxy = 90F384061857043F00584303 /* PBXContainerItemProxy */;
		};
/* End PBXTargetDependency section */

/* Begin XCBuildConfiguration section */
		509D4AA817EBB24E00697056 /* Debug */ = {
			isa = XCBuildConfiguration;
			buildSettings = {
				ALWAYS_SEARCH_USER_PATHS = YES;
				ARCHS = "$(ARCHS_STANDARD_64_BIT)";
				COMBINE_HIDPI_IMAGES = YES;
				GCC_DYNAMIC_NO_PIC = NO;
				GCC_PRECOMPILE_PREFIX_HEADER = YES;
				GCC_PREFIX_HEADER = mac/Prefix.pch;
				GCC_PREPROCESSOR_DEFINITIONS = (
					CC_TARGET_OS_MAC,
					"$(inherited)",
				);
				HEADER_SEARCH_PATHS = (
					"$(inherited)",
					"$(SRCROOT)/../../../cocos/2d/platform/mac",
					"$(SRCROOT)/../../../external/spidermonkey/include/mac",
					"$(SRCROOT)/../../../external/glfw3/include/mac",
				);
				INFOPLIST_FILE = mac/Info.plist;
				LIBRARY_SEARCH_PATHS = "";
				OTHER_LDFLAGS = "";
				SDKROOT = macosx;
			};
			name = Debug;
		};
		509D4AA917EBB24E00697056 /* Release */ = {
			isa = XCBuildConfiguration;
			buildSettings = {
				ALWAYS_SEARCH_USER_PATHS = YES;
				ARCHS = "$(ARCHS_STANDARD_64_BIT)";
				COMBINE_HIDPI_IMAGES = YES;
				GCC_PRECOMPILE_PREFIX_HEADER = YES;
				GCC_PREFIX_HEADER = mac/Prefix.pch;
				GCC_PREPROCESSOR_DEFINITIONS = (
					CC_TARGET_OS_MAC,
					"$(inherited)",
				);
				HEADER_SEARCH_PATHS = (
					"$(inherited)",
					"$(SRCROOT)/../../../cocos/2d/platform/mac",
					"$(SRCROOT)/../../../external/spidermonkey/include/mac",
					"$(SRCROOT)/../../../external/glfw3/include/mac",
				);
				INFOPLIST_FILE = mac/Info.plist;
				LIBRARY_SEARCH_PATHS = "";
				OTHER_LDFLAGS = "";
				SDKROOT = macosx;
			};
			name = Release;
		};
		90F384311857043F00584303 /* Debug */ = {
			isa = XCBuildConfiguration;
			buildSettings = {
				ALWAYS_SEARCH_USER_PATHS = YES;
				CODE_SIGN_IDENTITY = "iPhone Developer";
				COMPRESS_PNG_FILES = NO;
				GCC_DYNAMIC_NO_PIC = NO;
				GCC_PRECOMPILE_PREFIX_HEADER = YES;
				GCC_PREFIX_HEADER = ios/Prefix.pch;
				GCC_PREPROCESSOR_DEFINITIONS = (
					CC_TARGET_OS_IPHONE,
					"$(inherited)",
				);
				HEADER_SEARCH_PATHS = (
					"$(inherited)",
					"$(SRCROOT)/../../../cocos/2d/platform/ios",
					"$(SRCROOT)/../../../cocos/2d/platform/ios/Simulation",
					"$(SRCROOT)/../../../external/spidermonkey/include/ios",
				);
				INFOPLIST_FILE = ios/TB/Info.plist;
				IPHONEOS_DEPLOYMENT_TARGET = 5.0;
				LIBRARY_SEARCH_PATHS = "";
				OTHER_LDFLAGS = "";
				PRODUCT_NAME = "Magpie TB";
				SDKROOT = iphoneos;
				TARGETED_DEVICE_FAMILY = "1,2";
			};
			name = Debug;
		};
		90F384321857043F00584303 /* Release */ = {
			isa = XCBuildConfiguration;
			buildSettings = {
				ALWAYS_SEARCH_USER_PATHS = YES;
				CODE_SIGN_IDENTITY = "iPhone Developer";
				COMPRESS_PNG_FILES = NO;
				GCC_PRECOMPILE_PREFIX_HEADER = YES;
				GCC_PREFIX_HEADER = ios/Prefix.pch;
				GCC_PREPROCESSOR_DEFINITIONS = (
					CC_TARGET_OS_IPHONE,
					"$(inherited)",
				);
				HEADER_SEARCH_PATHS = (
					"$(inherited)",
					"$(SRCROOT)/../../../cocos/2d/platform/ios",
					"$(SRCROOT)/../../../cocos/2d/platform/ios/Simulation",
					"$(SRCROOT)/../../../external/spidermonkey/include/ios",
				);
				INFOPLIST_FILE = ios/TB/Info.plist;
				IPHONEOS_DEPLOYMENT_TARGET = 5.0;
				LIBRARY_SEARCH_PATHS = "";
				OTHER_LDFLAGS = "";
				PRODUCT_NAME = "Magpie TB";
				SDKROOT = iphoneos;
				TARGETED_DEVICE_FAMILY = "1,2";
			};
			name = Release;
		};
		A92276FE1517C097001B78AA /* Debug */ = {
			isa = XCBuildConfiguration;
			buildSettings = {
				CLANG_CXX_LANGUAGE_STANDARD = "c++0x";
				CLANG_CXX_LIBRARY = "libc++";
				COPY_PHASE_STRIP = NO;
				GCC_C_LANGUAGE_STANDARD = c99;
				GCC_OPTIMIZATION_LEVEL = 0;
				GCC_PREPROCESSOR_DEFINITIONS = (
					DEBUG,
					"COCOS2D_DEBUG=1",
					USE_FILE32API,
					COCOS2D_JAVASCRIPT,
					CC_ENABLE_CHIPMUNK_INTEGRATION,
				);
				GCC_SYMBOLS_PRIVATE_EXTERN = NO;
				GCC_WARN_ABOUT_RETURN_TYPE = YES;
				GCC_WARN_UNUSED_VARIABLE = YES;
				HEADER_SEARCH_PATHS = (
					"$(SRCROOT)/../../..",
					"$(SRCROOT)/../../../cocos",
					"$(SRCROOT)/../../../cocos/base",
					"$(SRCROOT)/../../../cocos/physics",
					"$(SRCROOT)/../../../cocos/math/kazmath/include",
					"$(SRCROOT)/../../../cocos/2d",
					"$(SRCROOT)/../../../cocos/gui",
					"$(SRCROOT)/../../../cocos/network",
					"$(SRCROOT)/../../../cocos/audio/include",
					"$(SRCROOT)/../../../cocos/editor-support",
					"$(SRCROOT)/../../../cocos/scripting/javascript/bindings",
					"$(SRCROOT)/../../../cocos/scripting/auto-generated/js-bindings",
					"$(SRCROOT)/../../../extensions",
					"$(SRCROOT)/../../../external",
					"$(SRCROOT)/../../../external/chipmunk/include/chipmunk",
				);
				IPHONEOS_DEPLOYMENT_TARGET = 5.1;
				ONLY_ACTIVE_ARCH = YES;
				PRODUCT_NAME = "$(TARGET_NAME)";
			};
			name = Debug;
		};
		A92276FF1517C097001B78AA /* Release */ = {
			isa = XCBuildConfiguration;
			buildSettings = {
				CLANG_CXX_LANGUAGE_STANDARD = "c++0x";
				CLANG_CXX_LIBRARY = "libc++";
				GCC_C_LANGUAGE_STANDARD = c99;
				GCC_PREPROCESSOR_DEFINITIONS = (
					NDEBUG,
					USE_FILE32API,
					COCOS2D_JAVASCRIPT,
					CC_ENABLE_CHIPMUNK_INTEGRATION,
				);
				GCC_WARN_ABOUT_RETURN_TYPE = YES;
				GCC_WARN_UNUSED_VARIABLE = YES;
				HEADER_SEARCH_PATHS = (
					"$(SRCROOT)/../../..",
					"$(SRCROOT)/../../../cocos",
					"$(SRCROOT)/../../../cocos/base",
					"$(SRCROOT)/../../../cocos/physics",
					"$(SRCROOT)/../../../cocos/math/kazmath/include",
					"$(SRCROOT)/../../../cocos/2d",
					"$(SRCROOT)/../../../cocos/gui",
					"$(SRCROOT)/../../../cocos/network",
					"$(SRCROOT)/../../../cocos/audio/include",
					"$(SRCROOT)/../../../cocos/editor-support",
					"$(SRCROOT)/../../../cocos/scripting/javascript/bindings",
					"$(SRCROOT)/../../../cocos/scripting/auto-generated/js-bindings",
					"$(SRCROOT)/../../../extensions",
					"$(SRCROOT)/../../../external",
					"$(SRCROOT)/../../../external/chipmunk/include/chipmunk",
				);
				IPHONEOS_DEPLOYMENT_TARGET = 5.1;
				OTHER_CFLAGS = "-DNS_BLOCK_ASSERTIONS=1";
				PRODUCT_NAME = "$(TARGET_NAME)";
				VALIDATE_PRODUCT = YES;
			};
			name = Release;
		};
		A92277011517C097001B78AA /* Debug */ = {
			isa = XCBuildConfiguration;
			buildSettings = {
				ALWAYS_SEARCH_USER_PATHS = YES;
				CODE_SIGN_IDENTITY = "iPhone Developer";
				"CODE_SIGN_IDENTITY[sdk=iphoneos*]" = "iPhone Developer";
				COMPRESS_PNG_FILES = NO;
				GCC_DYNAMIC_NO_PIC = NO;
				GCC_PRECOMPILE_PREFIX_HEADER = YES;
				GCC_PREFIX_HEADER = ios/Prefix.pch;
				GCC_PREPROCESSOR_DEFINITIONS = (
					CC_TARGET_OS_IPHONE,
					"$(inherited)",
				);
				HEADER_SEARCH_PATHS = (
					"$(inherited)",
					"$(SRCROOT)/../../../cocos/2d/platform/ios",
					"$(SRCROOT)/../../../cocos/2d/platform/ios/Simulation",
					"$(SRCROOT)/../../../external/spidermonkey/include/ios",
				);
				INFOPLIST_FILE = ios/AppStore/Info.plist;
				IPHONEOS_DEPLOYMENT_TARGET = 5.0;
				LIBRARY_SEARCH_PATHS = "";
				OTHER_LDFLAGS = "";
				PRODUCT_NAME = "Magpie AppStore";
				PROVISIONING_PROFILE = "";
				SDKROOT = iphoneos;
				TARGETED_DEVICE_FAMILY = "1,2";
			};
			name = Debug;
		};
		A92277021517C097001B78AA /* Release */ = {
			isa = XCBuildConfiguration;
			buildSettings = {
				ALWAYS_SEARCH_USER_PATHS = YES;
				CODE_SIGN_IDENTITY = "iPhone Developer";
				"CODE_SIGN_IDENTITY[sdk=iphoneos*]" = "iPhone Developer";
				COMPRESS_PNG_FILES = NO;
				GCC_PRECOMPILE_PREFIX_HEADER = YES;
				GCC_PREFIX_HEADER = ios/Prefix.pch;
				GCC_PREPROCESSOR_DEFINITIONS = (
					CC_TARGET_OS_IPHONE,
					"$(inherited)",
				);
				HEADER_SEARCH_PATHS = (
					"$(inherited)",
					"$(SRCROOT)/../../../cocos/2d/platform/ios",
					"$(SRCROOT)/../../../cocos/2d/platform/ios/Simulation",
					"$(SRCROOT)/../../../external/spidermonkey/include/ios",
				);
				INFOPLIST_FILE = ios/AppStore/Info.plist;
				IPHONEOS_DEPLOYMENT_TARGET = 5.0;
				LIBRARY_SEARCH_PATHS = "";
				OTHER_LDFLAGS = "";
				PRODUCT_NAME = "Magpie AppStore";
				PROVISIONING_PROFILE = "";
				SDKROOT = iphoneos;
				TARGETED_DEVICE_FAMILY = "1,2";
			};
			name = Release;
		};
/* End XCBuildConfiguration section */

/* Begin XCConfigurationList section */
		509D4AA717EBB24E00697056 /* Build configuration list for PBXNativeTarget "Magpie Mac" */ = {
			isa = XCConfigurationList;
			buildConfigurations = (
				509D4AA817EBB24E00697056 /* Debug */,
				509D4AA917EBB24E00697056 /* Release */,
			);
			defaultConfigurationIsVisible = 0;
			defaultConfigurationName = Release;
		};
		90F384301857043F00584303 /* Build configuration list for PBXNativeTarget "Magpie TB" */ = {
			isa = XCConfigurationList;
			buildConfigurations = (
				90F384311857043F00584303 /* Debug */,
				90F384321857043F00584303 /* Release */,
			);
			defaultConfigurationIsVisible = 0;
			defaultConfigurationName = Release;
		};
		A92275371517C094001B78AA /* Build configuration list for PBXProject "Magpie" */ = {
			isa = XCConfigurationList;
			buildConfigurations = (
				A92276FE1517C097001B78AA /* Debug */,
				A92276FF1517C097001B78AA /* Release */,
			);
			defaultConfigurationIsVisible = 0;
			defaultConfigurationName = Release;
		};
		A92277001517C097001B78AA /* Build configuration list for PBXNativeTarget "Magpie AppStore" */ = {
			isa = XCConfigurationList;
			buildConfigurations = (
				A92277011517C097001B78AA /* Debug */,
				A92277021517C097001B78AA /* Release */,
			);
			defaultConfigurationIsVisible = 0;
			defaultConfigurationName = Release;
		};
/* End XCConfigurationList section */
	};
	rootObject = A92275341517C094001B78AA /* Project object */;
}
